// !$*UTF8*$!
{
	archiveVersion = 1;
	classes = {
	};
	objectVersion = 52;
	objects = {

/* Begin PBXBuildFile section */
		1E085CE523C7800C008A3021 /* UIImage+Resize.swift in Sources */ = {isa = PBXBuildFile; fileRef = 1E085CE423C7800C008A3021 /* UIImage+Resize.swift */; };
		1E0A59C723C77DA700DE39BC /* UIColor+Additions.swift in Sources */ = {isa = PBXBuildFile; fileRef = 1E0A59C623C77DA700DE39BC /* UIColor+Additions.swift */; };
		1E114BCB23B2A9C000863E0C /* SideEffect.swift in Sources */ = {isa = PBXBuildFile; fileRef = 1E114BCA23B2A9C000863E0C /* SideEffect.swift */; };
		1E114BCF23B2ACC600863E0C /* SearchStockRow.swift in Sources */ = {isa = PBXBuildFile; fileRef = 1E114BCE23B2ACC600863E0C /* SearchStockRow.swift */; };
		1E1DB71923D0AEAC006893C3 /* PortfolioSortState.swift in Sources */ = {isa = PBXBuildFile; fileRef = 1E1DB71823D0AEAC006893C3 /* PortfolioSortState.swift */; };
		1E1DB71B23D0B108006893C3 /* SortDirection.swift in Sources */ = {isa = PBXBuildFile; fileRef = 1E1DB71A23D0B108006893C3 /* SortDirection.swift */; };
		1E1DB71D23D16F7B006893C3 /* ListHeader.swift in Sources */ = {isa = PBXBuildFile; fileRef = 1E1DB71C23D16F7B006893C3 /* ListHeader.swift */; };
		1E238DB023D37DF80021F86E /* KeyboardResponsiveModifier.swift in Sources */ = {isa = PBXBuildFile; fileRef = 1E238DAF23D37DF80021F86E /* KeyboardResponsiveModifier.swift */; };
		1E27CB9B23BC593300FFF7FF /* PortfolioInfoContainerView.swift in Sources */ = {isa = PBXBuildFile; fileRef = 1E27CB9A23BC593300FFF7FF /* PortfolioInfoContainerView.swift */; };
		1E394D8623C1176E00559B91 /* EditInfoView.swift in Sources */ = {isa = PBXBuildFile; fileRef = 1E394D8523C1176E00559B91 /* EditInfoView.swift */; };
		1E3BCB7023B9BD7100FAD5AA /* CardDetailStockRow.swift in Sources */ = {isa = PBXBuildFile; fileRef = 1E3BCB6F23B9BD7100FAD5AA /* CardDetailStockRow.swift */; };
		1E3BCB7223B9CBE400FAD5AA /* CurrentDetailStockRow.swift in Sources */ = {isa = PBXBuildFile; fileRef = 1E3BCB7123B9CBE400FAD5AA /* CurrentDetailStockRow.swift */; };
		1E3CE70C23CFE6F300EB5226 /* ScheduleView.swift in Sources */ = {isa = PBXBuildFile; fileRef = 1E3CE70B23CFE6F300EB5226 /* ScheduleView.swift */; };
		1E42A6C523B423530010DB8F /* Keyboard.swift in Sources */ = {isa = PBXBuildFile; fileRef = 1E42A6C423B423530010DB8F /* Keyboard.swift */; };
		1E4A814623D2960900AAB42C /* HoldingDetails.swift in Sources */ = {isa = PBXBuildFile; fileRef = 1E4A814523D2960900AAB42C /* HoldingDetails.swift */; };
		1E4A814823D298F300AAB42C /* ScheduleListRow.swift in Sources */ = {isa = PBXBuildFile; fileRef = 1E4A814723D298F300AAB42C /* ScheduleListRow.swift */; };
		1E4A814A23D29C0000AAB42C /* DetailAttributeOrdering.swift in Sources */ = {isa = PBXBuildFile; fileRef = 1E4A814923D29C0000AAB42C /* DetailAttributeOrdering.swift */; };
		1E4A814C23D29CA700AAB42C /* CheckMarkButton.swift in Sources */ = {isa = PBXBuildFile; fileRef = 1E4A814B23D29CA700AAB42C /* CheckMarkButton.swift */; };
		1E4A814E23D2A02000AAB42C /* PortfolioSortHeader.swift in Sources */ = {isa = PBXBuildFile; fileRef = 1E4A814D23D2A02000AAB42C /* PortfolioSortHeader.swift */; };
		1E511CFE23B2817600455C7F /* AddStockContainerView.swift in Sources */ = {isa = PBXBuildFile; fileRef = 1E511CFD23B2817600455C7F /* AddStockContainerView.swift */; };
		1E511D0223B2830E00455C7F /* SearchStockView.swift in Sources */ = {isa = PBXBuildFile; fileRef = 1E511D0123B2830E00455C7F /* SearchStockView.swift */; };
		1E511D0423B2831E00455C7F /* SearchStock.swift in Sources */ = {isa = PBXBuildFile; fileRef = 1E511D0323B2831E00455C7F /* SearchStock.swift */; };
		1E511D0623B2870100455C7F /* SearchStockResponse.swift in Sources */ = {isa = PBXBuildFile; fileRef = 1E511D0523B2870100455C7F /* SearchStockResponse.swift */; };
		1E52A6AA23D0F05900332866 /* Configuration.swift in Sources */ = {isa = PBXBuildFile; fileRef = 1E52A6A923D0F05900332866 /* Configuration.swift */; };
		1E54FC8F23B9AA5600D7DC04 /* DetailAttributes.swift in Sources */ = {isa = PBXBuildFile; fileRef = 1E54FC8E23B9AA5600D7DC04 /* DetailAttributes.swift */; };
		1E556FA323BBF78400CB569B /* StockHistoricalPriceResponse.swift in Sources */ = {isa = PBXBuildFile; fileRef = 1E556FA223BBF78400CB569B /* StockHistoricalPriceResponse.swift */; };
		1E62D36023B82CE80093E83B /* CompanyKeyMetrics.swift in Sources */ = {isa = PBXBuildFile; fileRef = 1E62D35F23B82CE80093E83B /* CompanyKeyMetrics.swift */; };
		1E62D36223B837880093E83B /* CompanyIncomeStatementResponse.swift in Sources */ = {isa = PBXBuildFile; fileRef = 1E62D36123B837880093E83B /* CompanyIncomeStatementResponse.swift */; };
		1E62D36423B838030093E83B /* CompanyBalanceSheetResponse.swift in Sources */ = {isa = PBXBuildFile; fileRef = 1E62D36323B838030093E83B /* CompanyBalanceSheetResponse.swift */; };
		1E62D36623B839B90093E83B /* CompanyCashFlowStatementResponse.swift in Sources */ = {isa = PBXBuildFile; fileRef = 1E62D36523B839B90093E83B /* CompanyCashFlowStatementResponse.swift */; };
		1E62D36A23B859700093E83B /* CompanyFinancialGrowthResponse.swift in Sources */ = {isa = PBXBuildFile; fileRef = 1E62D36923B859700093E83B /* CompanyFinancialGrowthResponse.swift */; };
		1E62D36C23B86A020093E83B /* PortfolioStockRow.swift in Sources */ = {isa = PBXBuildFile; fileRef = 1E62D36B23B86A020093E83B /* PortfolioStockRow.swift */; };
		1E62D36E23B86BDC0093E83B /* HostingController.swift in Sources */ = {isa = PBXBuildFile; fileRef = 1E62D36D23B86BDC0093E83B /* HostingController.swift */; };
		1E62D37023B87A020093E83B /* DetailStock.swift in Sources */ = {isa = PBXBuildFile; fileRef = 1E62D36F23B87A020093E83B /* DetailStock.swift */; };
		1E64C22D23B3205900C06444 /* URLImage in Frameworks */ = {isa = PBXBuildFile; productRef = 1E64C22C23B3205900C06444 /* URLImage */; };
		1E6E3F5623B19D8F009A0262 /* AppDelegate.swift in Sources */ = {isa = PBXBuildFile; fileRef = 1E6E3F5523B19D8F009A0262 /* AppDelegate.swift */; };
		1E6E3F5823B19D8F009A0262 /* SceneDelegate.swift in Sources */ = {isa = PBXBuildFile; fileRef = 1E6E3F5723B19D8F009A0262 /* SceneDelegate.swift */; };
		1E6E3F5C23B19D90009A0262 /* Assets.xcassets in Resources */ = {isa = PBXBuildFile; fileRef = 1E6E3F5B23B19D90009A0262 /* Assets.xcassets */; };
		1E6E3F5F23B19D90009A0262 /* Preview Assets.xcassets in Resources */ = {isa = PBXBuildFile; fileRef = 1E6E3F5E23B19D90009A0262 /* Preview Assets.xcassets */; };
		1E6E3F6223B19D90009A0262 /* LaunchScreen.storyboard in Resources */ = {isa = PBXBuildFile; fileRef = 1E6E3F6023B19D90009A0262 /* LaunchScreen.storyboard */; };
		1E6E3F6C23B19EEA009A0262 /* AppAction.swift in Sources */ = {isa = PBXBuildFile; fileRef = 1E6E3F6B23B19EEA009A0262 /* AppAction.swift */; };
		1E6E3F7823B1A17C009A0262 /* AppReducer.swift in Sources */ = {isa = PBXBuildFile; fileRef = 1E6E3F7723B1A17C009A0262 /* AppReducer.swift */; };
		1E6E3F7A23B1A1C1009A0262 /* AppState.swift in Sources */ = {isa = PBXBuildFile; fileRef = 1E6E3F7923B1A1C1009A0262 /* AppState.swift */; };
		1E6E3F7C23B1A20A009A0262 /* Store.swift in Sources */ = {isa = PBXBuildFile; fileRef = 1E6E3F7B23B1A20A009A0262 /* Store.swift */; };
		1E6E3F7E23B1A21C009A0262 /* Environment.swift in Sources */ = {isa = PBXBuildFile; fileRef = 1E6E3F7D23B1A21C009A0262 /* Environment.swift */; };
		1E6E3F8123B1A333009A0262 /* RandomAccessCollection.swift in Sources */ = {isa = PBXBuildFile; fileRef = 1E6E3F8023B1A333009A0262 /* RandomAccessCollection.swift */; };
		1E6E3F8723B1A3F5009A0262 /* RootView.swift in Sources */ = {isa = PBXBuildFile; fileRef = 1E6E3F8623B1A3F5009A0262 /* RootView.swift */; };
		1E6E3F8B23B1A422009A0262 /* PortfolioContainerView.swift in Sources */ = {isa = PBXBuildFile; fileRef = 1E6E3F8A23B1A422009A0262 /* PortfolioContainerView.swift */; };
		1E72E90F23BB2B8D00C899E1 /* AddDividendView.swift in Sources */ = {isa = PBXBuildFile; fileRef = 1E72E90E23BB2B8D00C899E1 /* AddDividendView.swift */; };
		1E83232B23CBF9D30088DB2C /* PositionDetailsContainerView.swift in Sources */ = {isa = PBXBuildFile; fileRef = 1E83232A23CBF9D30088DB2C /* PositionDetailsContainerView.swift */; };
		1E86AED123B5CC4500B38275 /* Record.swift in Sources */ = {isa = PBXBuildFile; fileRef = 1E86AED023B5CC4500B38275 /* Record.swift */; };
		1E86AED423B5D63C00B38275 /* Date+Formatter.swift in Sources */ = {isa = PBXBuildFile; fileRef = 1E86AED323B5D63C00B38275 /* Date+Formatter.swift */; };
		1E8DCF5B23B1E7070018BADB /* PortfolioStock.swift in Sources */ = {isa = PBXBuildFile; fileRef = 1E8DCF5A23B1E7070018BADB /* PortfolioStock.swift */; };
		1E8DCF6023B1ECCE0018BADB /* CompanyProfileResponse.swift in Sources */ = {isa = PBXBuildFile; fileRef = 1E8DCF5F23B1ECCE0018BADB /* CompanyProfileResponse.swift */; };
		1E95DC5023B2B07000FDA3EA /* Double+StringRep.swift in Sources */ = {isa = PBXBuildFile; fileRef = 1E95DC4F23B2B07000FDA3EA /* Double+StringRep.swift */; };
		1E95DC5623B2B57A00FDA3EA /* AddAlertView.swift in Sources */ = {isa = PBXBuildFile; fileRef = 1E95DC5523B2B57A00FDA3EA /* AddAlertView.swift */; };
		1E95DC5823B2BE3700FDA3EA /* View+Alert.swift in Sources */ = {isa = PBXBuildFile; fileRef = 1E95DC5723B2BE3700FDA3EA /* View+Alert.swift */; };
		1E97A3CB23D2102E00296D7E /* DarkTextField.swift in Sources */ = {isa = PBXBuildFile; fileRef = 1E97A3CA23D2102E00296D7E /* DarkTextField.swift */; };
		1E97A3CD23D28B8D00296D7E /* EditMode+Custom.swift in Sources */ = {isa = PBXBuildFile; fileRef = 1E97A3CC23D28B8D00296D7E /* EditMode+Custom.swift */; };
		1E97A3D123D2920B00296D7E /* CustomDivider.swift in Sources */ = {isa = PBXBuildFile; fileRef = 1E97A3D023D2920B00296D7E /* CustomDivider.swift */; };
		1E97A3D323D2924C00296D7E /* TrackerRow.swift in Sources */ = {isa = PBXBuildFile; fileRef = 1E97A3D223D2924C00296D7E /* TrackerRow.swift */; };
		1E97A3D523D293C900296D7E /* AllHoldingsInfo.swift in Sources */ = {isa = PBXBuildFile; fileRef = 1E97A3D423D293C900296D7E /* AllHoldingsInfo.swift */; };
		1E97A3D723D2943700296D7E /* HoldingInfoForm.swift in Sources */ = {isa = PBXBuildFile; fileRef = 1E97A3D623D2943700296D7E /* HoldingInfoForm.swift */; };
		1E97A3D923D2944900296D7E /* StockDetailPopup.swift in Sources */ = {isa = PBXBuildFile; fileRef = 1E97A3D823D2944900296D7E /* StockDetailPopup.swift */; };
		1E97A3DD23D2948A00296D7E /* StockInfoRow.swift in Sources */ = {isa = PBXBuildFile; fileRef = 1E97A3DC23D2948A00296D7E /* StockInfoRow.swift */; };
		1E97A3DF23D2949E00296D7E /* StockUpcomingDividends.swift in Sources */ = {isa = PBXBuildFile; fileRef = 1E97A3DE23D2949E00296D7E /* StockUpcomingDividends.swift */; };
		1EA096FE23B1DCDC00A5B8EC /* Request.swift in Sources */ = {isa = PBXBuildFile; fileRef = 1EA096FD23B1DCDC00A5B8EC /* Request.swift */; };
		1EA0970023B1E39B00A5B8EC /* URL+Queries.swift in Sources */ = {isa = PBXBuildFile; fileRef = 1EA096FF23B1E39B00A5B8EC /* URL+Queries.swift */; };
		1EA2B04923CCC66000D5FB31 /* BasicDividendResponse.swift in Sources */ = {isa = PBXBuildFile; fileRef = 1EA2B04823CCC66000D5FB31 /* BasicDividendResponse.swift */; };
		1EA7B19823B9E620007F1F7A /* CardView.swift in Sources */ = {isa = PBXBuildFile; fileRef = 1EA7B19723B9E620007F1F7A /* CardView.swift */; };
		1EBC63CA23B1EDF200F102CB /* PortfolioView.swift in Sources */ = {isa = PBXBuildFile; fileRef = 1EBC63C923B1EDF200F102CB /* PortfolioView.swift */; };
		1EC64F2C23B2E1EB00BC63A5 /* Logger.swift in Sources */ = {isa = PBXBuildFile; fileRef = 1EC64F2B23B2E1EB00BC63A5 /* Logger.swift */; };
		1EC64F2E23B2E29E00BC63A5 /* Data+Json.swift in Sources */ = {isa = PBXBuildFile; fileRef = 1EC64F2D23B2E29E00BC63A5 /* Data+Json.swift */; };
		1ED27F5823CBC2BB0061FEB6 /* TrackerContainerView.swift in Sources */ = {isa = PBXBuildFile; fileRef = 1ED27F5723CBC2BB0061FEB6 /* TrackerContainerView.swift */; };
		1ED27F5A23CBC2C00061FEB6 /* TrackerView.swift in Sources */ = {isa = PBXBuildFile; fileRef = 1ED27F5923CBC2C00061FEB6 /* TrackerView.swift */; };
		1ED27F5D23CBCB3A0061FEB6 /* HoldingInfo.swift in Sources */ = {isa = PBXBuildFile; fileRef = 1ED27F5C23CBCB3A0061FEB6 /* HoldingInfo.swift */; };
		1ED27F5F23CBCEF70061FEB6 /* CurrentSharePriceResponse.swift in Sources */ = {isa = PBXBuildFile; fileRef = 1ED27F5E23CBCEF70061FEB6 /* CurrentSharePriceResponse.swift */; };
		1ED27F6123CBD8700061FEB6 /* PositionDetailsView.swift in Sources */ = {isa = PBXBuildFile; fileRef = 1ED27F6023CBD8700061FEB6 /* PositionDetailsView.swift */; };
		1ED5326B23BC5200009CC919 /* UpcomingDividend.swift in Sources */ = {isa = PBXBuildFile; fileRef = 1ED5326A23BC5200009CC919 /* UpcomingDividend.swift */; };
		1ED5326F23BC5739009CC919 /* PortfolioInfoView.swift in Sources */ = {isa = PBXBuildFile; fileRef = 1ED5326E23BC5739009CC919 /* PortfolioInfoView.swift */; };
		1ED6131923B6B1BE00CF4CD0 /* IndicatorPoint.swift in Sources */ = {isa = PBXBuildFile; fileRef = 1ED6131423B6B1BE00CF4CD0 /* IndicatorPoint.swift */; };
		1ED6131A23B6B1BE00CF4CD0 /* LineView.swift in Sources */ = {isa = PBXBuildFile; fileRef = 1ED6131523B6B1BE00CF4CD0 /* LineView.swift */; };
		1ED6131B23B6B1BE00CF4CD0 /* Legend.swift in Sources */ = {isa = PBXBuildFile; fileRef = 1ED6131623B6B1BE00CF4CD0 /* Legend.swift */; };
		1ED6131C23B6B1BE00CF4CD0 /* LineChartView.swift in Sources */ = {isa = PBXBuildFile; fileRef = 1ED6131723B6B1BE00CF4CD0 /* LineChartView.swift */; };
		1ED6131D23B6B1BE00CF4CD0 /* Line.swift in Sources */ = {isa = PBXBuildFile; fileRef = 1ED6131823B6B1BE00CF4CD0 /* Line.swift */; };
		1ED6131F23B6B1C600CF4CD0 /* Helpers.swift in Sources */ = {isa = PBXBuildFile; fileRef = 1ED6131E23B6B1C600CF4CD0 /* Helpers.swift */; };
		1ED6132523B6C7A400CF4CD0 /* BarChartView.swift in Sources */ = {isa = PBXBuildFile; fileRef = 1ED6132223B6C7A400CF4CD0 /* BarChartView.swift */; };
		1ED6132623B6C7A400CF4CD0 /* BarChartRow.swift in Sources */ = {isa = PBXBuildFile; fileRef = 1ED6132323B6C7A400CF4CD0 /* BarChartRow.swift */; };
		1ED6132723B6C7A400CF4CD0 /* BarChartCell.swift in Sources */ = {isa = PBXBuildFile; fileRef = 1ED6132423B6C7A400CF4CD0 /* BarChartCell.swift */; };
		1ED6132C23B6CAFD00CF4CD0 /* SettingsView.swift in Sources */ = {isa = PBXBuildFile; fileRef = 1ED6132B23B6CAFD00CF4CD0 /* SettingsView.swift */; };
		1ED966BC23B55C01000BDE8D /* IncomeContainerView.swift in Sources */ = {isa = PBXBuildFile; fileRef = 1ED966BB23B55C01000BDE8D /* IncomeContainerView.swift */; };
		1ED966BE23B55CC0000BDE8D /* SettingsContainerView.swift in Sources */ = {isa = PBXBuildFile; fileRef = 1ED966BD23B55CC0000BDE8D /* SettingsContainerView.swift */; };
		1ED966C323B560D2000BDE8D /* IncomeView.swift in Sources */ = {isa = PBXBuildFile; fileRef = 1ED966C223B560D2000BDE8D /* IncomeView.swift */; };
		1EE3832623BDB06300EB9203 /* NewsEverythingResponse.swift in Sources */ = {isa = PBXBuildFile; fileRef = 1EE3832523BDB06300EB9203 /* NewsEverythingResponse.swift */; };
		1EE3832823BDB4CB00EB9203 /* StockNews.swift in Sources */ = {isa = PBXBuildFile; fileRef = 1EE3832723BDB4CB00EB9203 /* StockNews.swift */; };
		1EE3832A23BDBE7E00EB9203 /* TimeInterval+String.swift in Sources */ = {isa = PBXBuildFile; fileRef = 1EE3832923BDBE7E00EB9203 /* TimeInterval+String.swift */; };
		1EE3832E23BDC82500EB9203 /* StockNewsView.swift in Sources */ = {isa = PBXBuildFile; fileRef = 1EE3832D23BDC82500EB9203 /* StockNewsView.swift */; };
		1EEA279223C66CD200D63F4D /* SunburstDiagram in Frameworks */ = {isa = PBXBuildFile; productRef = 1EEA279123C66CD200D63F4D /* SunburstDiagram */; };
		1EEA279423C6728300D63F4D /* SectorAttributes.swift in Sources */ = {isa = PBXBuildFile; fileRef = 1EEA279323C6728300D63F4D /* SectorAttributes.swift */; };
		1EEF292D23BEB20E00BCD51D /* SafariView.swift in Sources */ = {isa = PBXBuildFile; fileRef = 1EEF292C23BEB20E00BCD51D /* SafariView.swift */; };
		1EF05F8C23CAEBEE006CCD05 /* ExitButton.swift in Sources */ = {isa = PBXBuildFile; fileRef = 1EF05F8B23CAEBEE006CCD05 /* ExitButton.swift */; };
		1EF110A823CEA6A0006CA855 /* View+Rectangle.swift in Sources */ = {isa = PBXBuildFile; fileRef = 1EF110A723CEA6A0006CA855 /* View+Rectangle.swift */; };
		1EF110AB23CECE2F006CA855 /* ScheduleContainerView.swift in Sources */ = {isa = PBXBuildFile; fileRef = 1EF110AA23CECE2F006CA855 /* ScheduleContainerView.swift */; };
		1EF2530423C41D1600AB224C /* PortfolioInfoRow.swift in Sources */ = {isa = PBXBuildFile; fileRef = 1EF2530323C41D1600AB224C /* PortfolioInfoRow.swift */; };
		1EF77A3723B1F26400FAD6F3 /* PortfolioDetailContainerView.swift in Sources */ = {isa = PBXBuildFile; fileRef = 1EF77A3623B1F26400FAD6F3 /* PortfolioDetailContainerView.swift */; };
		1EF77A3923B1F27300FAD6F3 /* PortfolioDetailView.swift in Sources */ = {isa = PBXBuildFile; fileRef = 1EF77A3823B1F27300FAD6F3 /* PortfolioDetailView.swift */; };
		1EFBDCB923BEFEEA00592F76 /* BlurView.swift in Sources */ = {isa = PBXBuildFile; fileRef = 1EFBDCB823BEFEEA00592F76 /* BlurView.swift */; };
/* End PBXBuildFile section */

/* Begin PBXFileReference section */
		1E085CE423C7800C008A3021 /* UIImage+Resize.swift */ = {isa = PBXFileReference; lastKnownFileType = sourcecode.swift; path = "UIImage+Resize.swift"; sourceTree = "<group>"; };
		1E0A59C623C77DA700DE39BC /* UIColor+Additions.swift */ = {isa = PBXFileReference; lastKnownFileType = sourcecode.swift; path = "UIColor+Additions.swift"; sourceTree = "<group>"; };
		1E114BCA23B2A9C000863E0C /* SideEffect.swift */ = {isa = PBXFileReference; lastKnownFileType = sourcecode.swift; path = SideEffect.swift; sourceTree = "<group>"; };
		1E114BCE23B2ACC600863E0C /* SearchStockRow.swift */ = {isa = PBXFileReference; lastKnownFileType = sourcecode.swift; path = SearchStockRow.swift; sourceTree = "<group>"; };
		1E1DB71823D0AEAC006893C3 /* PortfolioSortState.swift */ = {isa = PBXFileReference; lastKnownFileType = sourcecode.swift; path = PortfolioSortState.swift; sourceTree = "<group>"; };
		1E1DB71A23D0B108006893C3 /* SortDirection.swift */ = {isa = PBXFileReference; lastKnownFileType = sourcecode.swift; path = SortDirection.swift; sourceTree = "<group>"; };
		1E1DB71C23D16F7B006893C3 /* ListHeader.swift */ = {isa = PBXFileReference; lastKnownFileType = sourcecode.swift; path = ListHeader.swift; sourceTree = "<group>"; };
		1E238DAF23D37DF80021F86E /* KeyboardResponsiveModifier.swift */ = {isa = PBXFileReference; lastKnownFileType = sourcecode.swift; path = KeyboardResponsiveModifier.swift; sourceTree = "<group>"; };
		1E27CB9A23BC593300FFF7FF /* PortfolioInfoContainerView.swift */ = {isa = PBXFileReference; lastKnownFileType = sourcecode.swift; path = PortfolioInfoContainerView.swift; sourceTree = "<group>"; };
		1E394D8523C1176E00559B91 /* EditInfoView.swift */ = {isa = PBXFileReference; lastKnownFileType = sourcecode.swift; path = EditInfoView.swift; sourceTree = "<group>"; };
		1E3BCB6F23B9BD7100FAD5AA /* CardDetailStockRow.swift */ = {isa = PBXFileReference; lastKnownFileType = sourcecode.swift; path = CardDetailStockRow.swift; sourceTree = "<group>"; };
		1E3BCB7123B9CBE400FAD5AA /* CurrentDetailStockRow.swift */ = {isa = PBXFileReference; lastKnownFileType = sourcecode.swift; path = CurrentDetailStockRow.swift; sourceTree = "<group>"; };
		1E3CE70B23CFE6F300EB5226 /* ScheduleView.swift */ = {isa = PBXFileReference; lastKnownFileType = sourcecode.swift; path = ScheduleView.swift; sourceTree = "<group>"; };
		1E42A6C423B423530010DB8F /* Keyboard.swift */ = {isa = PBXFileReference; lastKnownFileType = sourcecode.swift; path = Keyboard.swift; sourceTree = "<group>"; };
		1E4A814523D2960900AAB42C /* HoldingDetails.swift */ = {isa = PBXFileReference; fileEncoding = 4; lastKnownFileType = sourcecode.swift; path = HoldingDetails.swift; sourceTree = "<group>"; };
		1E4A814723D298F300AAB42C /* ScheduleListRow.swift */ = {isa = PBXFileReference; lastKnownFileType = sourcecode.swift; path = ScheduleListRow.swift; sourceTree = "<group>"; };
		1E4A814923D29C0000AAB42C /* DetailAttributeOrdering.swift */ = {isa = PBXFileReference; lastKnownFileType = sourcecode.swift; path = DetailAttributeOrdering.swift; sourceTree = "<group>"; };
		1E4A814B23D29CA700AAB42C /* CheckMarkButton.swift */ = {isa = PBXFileReference; lastKnownFileType = sourcecode.swift; path = CheckMarkButton.swift; sourceTree = "<group>"; };
		1E4A814D23D2A02000AAB42C /* PortfolioSortHeader.swift */ = {isa = PBXFileReference; lastKnownFileType = sourcecode.swift; path = PortfolioSortHeader.swift; sourceTree = "<group>"; };
		1E511CFD23B2817600455C7F /* AddStockContainerView.swift */ = {isa = PBXFileReference; lastKnownFileType = sourcecode.swift; path = AddStockContainerView.swift; sourceTree = "<group>"; };
		1E511D0123B2830E00455C7F /* SearchStockView.swift */ = {isa = PBXFileReference; lastKnownFileType = sourcecode.swift; path = SearchStockView.swift; sourceTree = "<group>"; };
		1E511D0323B2831E00455C7F /* SearchStock.swift */ = {isa = PBXFileReference; lastKnownFileType = sourcecode.swift; path = SearchStock.swift; sourceTree = "<group>"; };
		1E511D0523B2870100455C7F /* SearchStockResponse.swift */ = {isa = PBXFileReference; lastKnownFileType = sourcecode.swift; path = SearchStockResponse.swift; sourceTree = "<group>"; };
		1E52A6A923D0F05900332866 /* Configuration.swift */ = {isa = PBXFileReference; lastKnownFileType = sourcecode.swift; path = Configuration.swift; sourceTree = "<group>"; };
		1E54FC8E23B9AA5600D7DC04 /* DetailAttributes.swift */ = {isa = PBXFileReference; lastKnownFileType = sourcecode.swift; path = DetailAttributes.swift; sourceTree = "<group>"; };
		1E556FA223BBF78400CB569B /* StockHistoricalPriceResponse.swift */ = {isa = PBXFileReference; lastKnownFileType = sourcecode.swift; path = StockHistoricalPriceResponse.swift; sourceTree = "<group>"; };
		1E62D35F23B82CE80093E83B /* CompanyKeyMetrics.swift */ = {isa = PBXFileReference; lastKnownFileType = sourcecode.swift; path = CompanyKeyMetrics.swift; sourceTree = "<group>"; };
		1E62D36123B837880093E83B /* CompanyIncomeStatementResponse.swift */ = {isa = PBXFileReference; lastKnownFileType = sourcecode.swift; path = CompanyIncomeStatementResponse.swift; sourceTree = "<group>"; };
		1E62D36323B838030093E83B /* CompanyBalanceSheetResponse.swift */ = {isa = PBXFileReference; lastKnownFileType = sourcecode.swift; path = CompanyBalanceSheetResponse.swift; sourceTree = "<group>"; };
		1E62D36523B839B90093E83B /* CompanyCashFlowStatementResponse.swift */ = {isa = PBXFileReference; lastKnownFileType = sourcecode.swift; path = CompanyCashFlowStatementResponse.swift; sourceTree = "<group>"; };
		1E62D36923B859700093E83B /* CompanyFinancialGrowthResponse.swift */ = {isa = PBXFileReference; lastKnownFileType = sourcecode.swift; path = CompanyFinancialGrowthResponse.swift; sourceTree = "<group>"; };
		1E62D36B23B86A020093E83B /* PortfolioStockRow.swift */ = {isa = PBXFileReference; lastKnownFileType = sourcecode.swift; path = PortfolioStockRow.swift; sourceTree = "<group>"; };
		1E62D36D23B86BDC0093E83B /* HostingController.swift */ = {isa = PBXFileReference; lastKnownFileType = sourcecode.swift; path = HostingController.swift; sourceTree = "<group>"; };
		1E62D36F23B87A020093E83B /* DetailStock.swift */ = {isa = PBXFileReference; lastKnownFileType = sourcecode.swift; path = DetailStock.swift; sourceTree = "<group>"; };
		1E6E3F5223B19D8F009A0262 /* DivRise.app */ = {isa = PBXFileReference; explicitFileType = wrapper.application; includeInIndex = 0; path = DivRise.app; sourceTree = BUILT_PRODUCTS_DIR; };
		1E6E3F5523B19D8F009A0262 /* AppDelegate.swift */ = {isa = PBXFileReference; lastKnownFileType = sourcecode.swift; path = AppDelegate.swift; sourceTree = "<group>"; };
		1E6E3F5723B19D8F009A0262 /* SceneDelegate.swift */ = {isa = PBXFileReference; lastKnownFileType = sourcecode.swift; path = SceneDelegate.swift; sourceTree = "<group>"; };
		1E6E3F5B23B19D90009A0262 /* Assets.xcassets */ = {isa = PBXFileReference; lastKnownFileType = folder.assetcatalog; path = Assets.xcassets; sourceTree = "<group>"; };
		1E6E3F5E23B19D90009A0262 /* Preview Assets.xcassets */ = {isa = PBXFileReference; lastKnownFileType = folder.assetcatalog; path = "Preview Assets.xcassets"; sourceTree = "<group>"; };
		1E6E3F6123B19D90009A0262 /* Base */ = {isa = PBXFileReference; lastKnownFileType = file.storyboard; name = Base; path = Base.lproj/LaunchScreen.storyboard; sourceTree = "<group>"; };
		1E6E3F6323B19D90009A0262 /* Info.plist */ = {isa = PBXFileReference; lastKnownFileType = text.plist.xml; path = Info.plist; sourceTree = "<group>"; };
		1E6E3F6B23B19EEA009A0262 /* AppAction.swift */ = {isa = PBXFileReference; lastKnownFileType = sourcecode.swift; path = AppAction.swift; sourceTree = "<group>"; };
		1E6E3F7723B1A17C009A0262 /* AppReducer.swift */ = {isa = PBXFileReference; lastKnownFileType = sourcecode.swift; path = AppReducer.swift; sourceTree = "<group>"; };
		1E6E3F7923B1A1C1009A0262 /* AppState.swift */ = {isa = PBXFileReference; lastKnownFileType = sourcecode.swift; path = AppState.swift; sourceTree = "<group>"; };
		1E6E3F7B23B1A20A009A0262 /* Store.swift */ = {isa = PBXFileReference; lastKnownFileType = sourcecode.swift; path = Store.swift; sourceTree = "<group>"; };
		1E6E3F7D23B1A21C009A0262 /* Environment.swift */ = {isa = PBXFileReference; lastKnownFileType = sourcecode.swift; path = Environment.swift; sourceTree = "<group>"; };
		1E6E3F8023B1A333009A0262 /* RandomAccessCollection.swift */ = {isa = PBXFileReference; lastKnownFileType = sourcecode.swift; path = RandomAccessCollection.swift; sourceTree = "<group>"; };
		1E6E3F8623B1A3F5009A0262 /* RootView.swift */ = {isa = PBXFileReference; lastKnownFileType = sourcecode.swift; path = RootView.swift; sourceTree = "<group>"; };
		1E6E3F8A23B1A422009A0262 /* PortfolioContainerView.swift */ = {isa = PBXFileReference; lastKnownFileType = sourcecode.swift; path = PortfolioContainerView.swift; sourceTree = "<group>"; };
		1E72E90E23BB2B8D00C899E1 /* AddDividendView.swift */ = {isa = PBXFileReference; lastKnownFileType = sourcecode.swift; path = AddDividendView.swift; sourceTree = "<group>"; };
		1E83232A23CBF9D30088DB2C /* PositionDetailsContainerView.swift */ = {isa = PBXFileReference; lastKnownFileType = sourcecode.swift; path = PositionDetailsContainerView.swift; sourceTree = "<group>"; };
		1E86AED023B5CC4500B38275 /* Record.swift */ = {isa = PBXFileReference; lastKnownFileType = sourcecode.swift; path = Record.swift; sourceTree = "<group>"; };
		1E86AED323B5D63C00B38275 /* Date+Formatter.swift */ = {isa = PBXFileReference; lastKnownFileType = sourcecode.swift; path = "Date+Formatter.swift"; sourceTree = "<group>"; };
		1E8DCF5A23B1E7070018BADB /* PortfolioStock.swift */ = {isa = PBXFileReference; lastKnownFileType = sourcecode.swift; path = PortfolioStock.swift; sourceTree = "<group>"; };
		1E8DCF5F23B1ECCE0018BADB /* CompanyProfileResponse.swift */ = {isa = PBXFileReference; lastKnownFileType = sourcecode.swift; path = CompanyProfileResponse.swift; sourceTree = "<group>"; };
		1E95DC4F23B2B07000FDA3EA /* Double+StringRep.swift */ = {isa = PBXFileReference; lastKnownFileType = sourcecode.swift; path = "Double+StringRep.swift"; sourceTree = "<group>"; };
		1E95DC5523B2B57A00FDA3EA /* AddAlertView.swift */ = {isa = PBXFileReference; lastKnownFileType = sourcecode.swift; path = AddAlertView.swift; sourceTree = "<group>"; };
		1E95DC5723B2BE3700FDA3EA /* View+Alert.swift */ = {isa = PBXFileReference; lastKnownFileType = sourcecode.swift; path = "View+Alert.swift"; sourceTree = "<group>"; };
		1E97A3CA23D2102E00296D7E /* DarkTextField.swift */ = {isa = PBXFileReference; lastKnownFileType = sourcecode.swift; path = DarkTextField.swift; sourceTree = "<group>"; };
		1E97A3CC23D28B8D00296D7E /* EditMode+Custom.swift */ = {isa = PBXFileReference; lastKnownFileType = sourcecode.swift; path = "EditMode+Custom.swift"; sourceTree = "<group>"; };
		1E97A3D023D2920B00296D7E /* CustomDivider.swift */ = {isa = PBXFileReference; lastKnownFileType = sourcecode.swift; path = CustomDivider.swift; sourceTree = "<group>"; };
		1E97A3D223D2924C00296D7E /* TrackerRow.swift */ = {isa = PBXFileReference; lastKnownFileType = sourcecode.swift; path = TrackerRow.swift; sourceTree = "<group>"; };
		1E97A3D423D293C900296D7E /* AllHoldingsInfo.swift */ = {isa = PBXFileReference; lastKnownFileType = sourcecode.swift; path = AllHoldingsInfo.swift; sourceTree = "<group>"; };
		1E97A3D623D2943700296D7E /* HoldingInfoForm.swift */ = {isa = PBXFileReference; lastKnownFileType = sourcecode.swift; path = HoldingInfoForm.swift; sourceTree = "<group>"; };
		1E97A3D823D2944900296D7E /* StockDetailPopup.swift */ = {isa = PBXFileReference; lastKnownFileType = sourcecode.swift; path = StockDetailPopup.swift; sourceTree = "<group>"; };
		1E97A3DC23D2948A00296D7E /* StockInfoRow.swift */ = {isa = PBXFileReference; lastKnownFileType = sourcecode.swift; path = StockInfoRow.swift; sourceTree = "<group>"; };
		1E97A3DE23D2949E00296D7E /* StockUpcomingDividends.swift */ = {isa = PBXFileReference; lastKnownFileType = sourcecode.swift; path = StockUpcomingDividends.swift; sourceTree = "<group>"; };
		1EA096FD23B1DCDC00A5B8EC /* Request.swift */ = {isa = PBXFileReference; lastKnownFileType = sourcecode.swift; path = Request.swift; sourceTree = "<group>"; };
		1EA096FF23B1E39B00A5B8EC /* URL+Queries.swift */ = {isa = PBXFileReference; lastKnownFileType = sourcecode.swift; path = "URL+Queries.swift"; sourceTree = "<group>"; };
		1EA2B04823CCC66000D5FB31 /* BasicDividendResponse.swift */ = {isa = PBXFileReference; lastKnownFileType = sourcecode.swift; path = BasicDividendResponse.swift; sourceTree = "<group>"; };
		1EA7B19723B9E620007F1F7A /* CardView.swift */ = {isa = PBXFileReference; lastKnownFileType = sourcecode.swift; path = CardView.swift; sourceTree = "<group>"; };
		1EBC63C923B1EDF200F102CB /* PortfolioView.swift */ = {isa = PBXFileReference; lastKnownFileType = sourcecode.swift; path = PortfolioView.swift; sourceTree = "<group>"; };
		1EC64F2B23B2E1EB00BC63A5 /* Logger.swift */ = {isa = PBXFileReference; lastKnownFileType = sourcecode.swift; path = Logger.swift; sourceTree = "<group>"; };
		1EC64F2D23B2E29E00BC63A5 /* Data+Json.swift */ = {isa = PBXFileReference; lastKnownFileType = sourcecode.swift; path = "Data+Json.swift"; sourceTree = "<group>"; };
		1ED27F5723CBC2BB0061FEB6 /* TrackerContainerView.swift */ = {isa = PBXFileReference; lastKnownFileType = sourcecode.swift; path = TrackerContainerView.swift; sourceTree = "<group>"; };
		1ED27F5923CBC2C00061FEB6 /* TrackerView.swift */ = {isa = PBXFileReference; lastKnownFileType = sourcecode.swift; path = TrackerView.swift; sourceTree = "<group>"; };
		1ED27F5C23CBCB3A0061FEB6 /* HoldingInfo.swift */ = {isa = PBXFileReference; lastKnownFileType = sourcecode.swift; path = HoldingInfo.swift; sourceTree = "<group>"; };
		1ED27F5E23CBCEF70061FEB6 /* CurrentSharePriceResponse.swift */ = {isa = PBXFileReference; lastKnownFileType = sourcecode.swift; path = CurrentSharePriceResponse.swift; sourceTree = "<group>"; };
		1ED27F6023CBD8700061FEB6 /* PositionDetailsView.swift */ = {isa = PBXFileReference; lastKnownFileType = sourcecode.swift; path = PositionDetailsView.swift; sourceTree = "<group>"; };
		1ED5326A23BC5200009CC919 /* UpcomingDividend.swift */ = {isa = PBXFileReference; lastKnownFileType = sourcecode.swift; path = UpcomingDividend.swift; sourceTree = "<group>"; };
		1ED5326E23BC5739009CC919 /* PortfolioInfoView.swift */ = {isa = PBXFileReference; lastKnownFileType = sourcecode.swift; path = PortfolioInfoView.swift; sourceTree = "<group>"; };
		1ED6131423B6B1BE00CF4CD0 /* IndicatorPoint.swift */ = {isa = PBXFileReference; fileEncoding = 4; lastKnownFileType = sourcecode.swift; path = IndicatorPoint.swift; sourceTree = "<group>"; };
		1ED6131523B6B1BE00CF4CD0 /* LineView.swift */ = {isa = PBXFileReference; fileEncoding = 4; lastKnownFileType = sourcecode.swift; path = LineView.swift; sourceTree = "<group>"; };
		1ED6131623B6B1BE00CF4CD0 /* Legend.swift */ = {isa = PBXFileReference; fileEncoding = 4; lastKnownFileType = sourcecode.swift; path = Legend.swift; sourceTree = "<group>"; };
		1ED6131723B6B1BE00CF4CD0 /* LineChartView.swift */ = {isa = PBXFileReference; fileEncoding = 4; lastKnownFileType = sourcecode.swift; path = LineChartView.swift; sourceTree = "<group>"; };
		1ED6131823B6B1BE00CF4CD0 /* Line.swift */ = {isa = PBXFileReference; fileEncoding = 4; lastKnownFileType = sourcecode.swift; path = Line.swift; sourceTree = "<group>"; };
		1ED6131E23B6B1C600CF4CD0 /* Helpers.swift */ = {isa = PBXFileReference; fileEncoding = 4; lastKnownFileType = sourcecode.swift; path = Helpers.swift; sourceTree = "<group>"; };
		1ED6132223B6C7A400CF4CD0 /* BarChartView.swift */ = {isa = PBXFileReference; fileEncoding = 4; lastKnownFileType = sourcecode.swift; path = BarChartView.swift; sourceTree = "<group>"; };
		1ED6132323B6C7A400CF4CD0 /* BarChartRow.swift */ = {isa = PBXFileReference; fileEncoding = 4; lastKnownFileType = sourcecode.swift; path = BarChartRow.swift; sourceTree = "<group>"; };
		1ED6132423B6C7A400CF4CD0 /* BarChartCell.swift */ = {isa = PBXFileReference; fileEncoding = 4; lastKnownFileType = sourcecode.swift; path = BarChartCell.swift; sourceTree = "<group>"; };
		1ED6132B23B6CAFD00CF4CD0 /* SettingsView.swift */ = {isa = PBXFileReference; lastKnownFileType = sourcecode.swift; path = SettingsView.swift; sourceTree = "<group>"; };
		1ED966BB23B55C01000BDE8D /* IncomeContainerView.swift */ = {isa = PBXFileReference; lastKnownFileType = sourcecode.swift; path = IncomeContainerView.swift; sourceTree = "<group>"; };
		1ED966BD23B55CC0000BDE8D /* SettingsContainerView.swift */ = {isa = PBXFileReference; lastKnownFileType = sourcecode.swift; path = SettingsContainerView.swift; sourceTree = "<group>"; };
		1ED966C223B560D2000BDE8D /* IncomeView.swift */ = {isa = PBXFileReference; lastKnownFileType = sourcecode.swift; path = IncomeView.swift; sourceTree = "<group>"; };
		1EE3832523BDB06300EB9203 /* NewsEverythingResponse.swift */ = {isa = PBXFileReference; lastKnownFileType = sourcecode.swift; path = NewsEverythingResponse.swift; sourceTree = "<group>"; };
		1EE3832723BDB4CB00EB9203 /* StockNews.swift */ = {isa = PBXFileReference; lastKnownFileType = sourcecode.swift; path = StockNews.swift; sourceTree = "<group>"; };
		1EE3832923BDBE7E00EB9203 /* TimeInterval+String.swift */ = {isa = PBXFileReference; lastKnownFileType = sourcecode.swift; path = "TimeInterval+String.swift"; sourceTree = "<group>"; };
		1EE3832D23BDC82500EB9203 /* StockNewsView.swift */ = {isa = PBXFileReference; lastKnownFileType = sourcecode.swift; path = StockNewsView.swift; sourceTree = "<group>"; };
		1EEA279323C6728300D63F4D /* SectorAttributes.swift */ = {isa = PBXFileReference; lastKnownFileType = sourcecode.swift; path = SectorAttributes.swift; sourceTree = "<group>"; };
		1EEF292C23BEB20E00BCD51D /* SafariView.swift */ = {isa = PBXFileReference; lastKnownFileType = sourcecode.swift; path = SafariView.swift; sourceTree = "<group>"; };
		1EF05F8B23CAEBEE006CCD05 /* ExitButton.swift */ = {isa = PBXFileReference; lastKnownFileType = sourcecode.swift; path = ExitButton.swift; sourceTree = "<group>"; };
		1EF110A723CEA6A0006CA855 /* View+Rectangle.swift */ = {isa = PBXFileReference; lastKnownFileType = sourcecode.swift; path = "View+Rectangle.swift"; sourceTree = "<group>"; };
		1EF110AA23CECE2F006CA855 /* ScheduleContainerView.swift */ = {isa = PBXFileReference; lastKnownFileType = sourcecode.swift; path = ScheduleContainerView.swift; sourceTree = "<group>"; };
		1EF2530323C41D1600AB224C /* PortfolioInfoRow.swift */ = {isa = PBXFileReference; lastKnownFileType = sourcecode.swift; path = PortfolioInfoRow.swift; sourceTree = "<group>"; };
		1EF77A3623B1F26400FAD6F3 /* PortfolioDetailContainerView.swift */ = {isa = PBXFileReference; lastKnownFileType = sourcecode.swift; path = PortfolioDetailContainerView.swift; sourceTree = "<group>"; };
		1EF77A3823B1F27300FAD6F3 /* PortfolioDetailView.swift */ = {isa = PBXFileReference; lastKnownFileType = sourcecode.swift; path = PortfolioDetailView.swift; sourceTree = "<group>"; };
		1EFBDCB823BEFEEA00592F76 /* BlurView.swift */ = {isa = PBXFileReference; lastKnownFileType = sourcecode.swift; path = BlurView.swift; sourceTree = "<group>"; };
/* End PBXFileReference section */

/* Begin PBXFrameworksBuildPhase section */
		1E6E3F4F23B19D8F009A0262 /* Frameworks */ = {
			isa = PBXFrameworksBuildPhase;
			buildActionMask = 2147483647;
			files = (
				1EEA279223C66CD200D63F4D /* SunburstDiagram in Frameworks */,
				1E64C22D23B3205900C06444 /* URLImage in Frameworks */,
			);
			runOnlyForDeploymentPostprocessing = 0;
		};
/* End PBXFrameworksBuildPhase section */

/* Begin PBXGroup section */
		1E27CB9C23BC686D00FFF7FF /* Info */ = {
			isa = PBXGroup;
			children = (
				1E27CB9A23BC593300FFF7FF /* PortfolioInfoContainerView.swift */,
				1ED5326E23BC5739009CC919 /* PortfolioInfoView.swift */,
				1EF2530323C41D1600AB224C /* PortfolioInfoRow.swift */,
				1E394D8523C1176E00559B91 /* EditInfoView.swift */,
				1EFBDCB823BEFEEA00592F76 /* BlurView.swift */,
			);
			path = Info;
			sourceTree = "<group>";
		};
		1E6E3F4923B19D8E009A0262 = {
			isa = PBXGroup;
			children = (
				1E6E3F5423B19D8F009A0262 /* Dividend App */,
				1E6E3F5323B19D8F009A0262 /* Products */,
			);
			sourceTree = "<group>";
		};
		1E6E3F5323B19D8F009A0262 /* Products */ = {
			isa = PBXGroup;
			children = (
				1E6E3F5223B19D8F009A0262 /* DivRise.app */,
			);
			name = Products;
			sourceTree = "<group>";
		};
		1E6E3F5423B19D8F009A0262 /* Dividend App */ = {
			isa = PBXGroup;
			children = (
				1ED6132023B6C77C00CF4CD0 /* Graphs */,
				1E6E3F6E23B19F70009A0262 /* Launch */,
				1E6E3F6D23B19F63009A0262 /* Features */,
				1E8DCF5C23B1EC990018BADB /* Networking */,
				1E6E3F6923B19ED3009A0262 /* Redux */,
				1EC64F2B23B2E1EB00BC63A5 /* Logger.swift */,
				1E6E3F5B23B19D90009A0262 /* Assets.xcassets */,
				1E6E3F6023B19D90009A0262 /* LaunchScreen.storyboard */,
				1E6E3F6323B19D90009A0262 /* Info.plist */,
				1E6E3F5D23B19D90009A0262 /* Preview Content */,
			);
			path = "Dividend App";
			sourceTree = "<group>";
		};
		1E6E3F5D23B19D90009A0262 /* Preview Content */ = {
			isa = PBXGroup;
			children = (
				1E6E3F5E23B19D90009A0262 /* Preview Assets.xcassets */,
			);
			path = "Preview Content";
			sourceTree = "<group>";
		};
		1E6E3F6923B19ED3009A0262 /* Redux */ = {
			isa = PBXGroup;
			children = (
				1E6E3F7923B1A1C1009A0262 /* AppState.swift */,
				1E6E3F6B23B19EEA009A0262 /* AppAction.swift */,
				1E6E3F7723B1A17C009A0262 /* AppReducer.swift */,
				1E6E3F7B23B1A20A009A0262 /* Store.swift */,
				1E6E3F7D23B1A21C009A0262 /* Environment.swift */,
				1E114BCA23B2A9C000863E0C /* SideEffect.swift */,
			);
			path = Redux;
			sourceTree = "<group>";
		};
		1E6E3F6D23B19F63009A0262 /* Features */ = {
			isa = PBXGroup;
			children = (
				1E6E3F8623B1A3F5009A0262 /* RootView.swift */,
				1E6E3F7223B1A0A6009A0262 /* Portfolio */,
				1ED27F5423CBBD730061FEB6 /* Tracker */,
				1EF110A923CECE1B006CA855 /* Schedule */,
				1ED966BA23B55BCD000BDE8D /* Income */,
				1E6E3F7323B1A0C0009A0262 /* Settings */,
				1EF05F8A23CAEBD1006CCD05 /* Common */,
			);
			path = Features;
			sourceTree = "<group>";
		};
		1E6E3F6E23B19F70009A0262 /* Launch */ = {
			isa = PBXGroup;
			children = (
				1E6E3F5523B19D8F009A0262 /* AppDelegate.swift */,
				1E6E3F5723B19D8F009A0262 /* SceneDelegate.swift */,
				1E62D36D23B86BDC0093E83B /* HostingController.swift */,
			);
			path = Launch;
			sourceTree = "<group>";
		};
		1E6E3F7223B1A0A6009A0262 /* Portfolio */ = {
			isa = PBXGroup;
			children = (
				1E6E3F8A23B1A422009A0262 /* PortfolioContainerView.swift */,
				1EBC63C923B1EDF200F102CB /* PortfolioView.swift */,
				1E4A814D23D2A02000AAB42C /* PortfolioSortHeader.swift */,
				1E62D36B23B86A020093E83B /* PortfolioStockRow.swift */,
				1E27CB9C23BC686D00FFF7FF /* Info */,
				1E6E3F8423B1A37D009A0262 /* Add */,
				1E6E3F8523B1A383009A0262 /* Details */,
				1EBC63C823B1EDA100F102CB /* Models */,
				1E95DC4E23B2B05D00FDA3EA /* Extensions */,
			);
			path = Portfolio;
			sourceTree = "<group>";
		};
		1E6E3F7323B1A0C0009A0262 /* Settings */ = {
			isa = PBXGroup;
			children = (
				1ED966BD23B55CC0000BDE8D /* SettingsContainerView.swift */,
				1E4A814923D29C0000AAB42C /* DetailAttributeOrdering.swift */,
				1ED6132B23B6CAFD00CF4CD0 /* SettingsView.swift */,
			);
			path = Settings;
			sourceTree = "<group>";
		};
		1E6E3F7F23B1A31E009A0262 /* Extensions */ = {
			isa = PBXGroup;
			children = (
				1E6E3F8023B1A333009A0262 /* RandomAccessCollection.swift */,
				1EA096FF23B1E39B00A5B8EC /* URL+Queries.swift */,
				1EC64F2D23B2E29E00BC63A5 /* Data+Json.swift */,
			);
			path = Extensions;
			sourceTree = "<group>";
		};
		1E6E3F8423B1A37D009A0262 /* Add */ = {
			isa = PBXGroup;
			children = (
				1E511CFD23B2817600455C7F /* AddStockContainerView.swift */,
				1E511D0123B2830E00455C7F /* SearchStockView.swift */,
				1E114BCE23B2ACC600863E0C /* SearchStockRow.swift */,
				1E95DC5523B2B57A00FDA3EA /* AddAlertView.swift */,
			);
			path = Add;
			sourceTree = "<group>";
		};
		1E6E3F8523B1A383009A0262 /* Details */ = {
			isa = PBXGroup;
			children = (
				1EF77A3623B1F26400FAD6F3 /* PortfolioDetailContainerView.swift */,
				1EF77A3823B1F27300FAD6F3 /* PortfolioDetailView.swift */,
				1E3BCB7123B9CBE400FAD5AA /* CurrentDetailStockRow.swift */,
				1E3BCB6F23B9BD7100FAD5AA /* CardDetailStockRow.swift */,
				1EA7B19723B9E620007F1F7A /* CardView.swift */,
				1EE3832D23BDC82500EB9203 /* StockNewsView.swift */,
				1EEF292C23BEB20E00BCD51D /* SafariView.swift */,
			);
			path = Details;
			sourceTree = "<group>";
		};
		1E86AECF23B5CC3200B38275 /* Models */ = {
			isa = PBXGroup;
			children = (
				1E86AED023B5CC4500B38275 /* Record.swift */,
			);
			path = Models;
			sourceTree = "<group>";
		};
		1E86AED223B5D62E00B38275 /* Extensions */ = {
			isa = PBXGroup;
			children = (
				1E86AED323B5D63C00B38275 /* Date+Formatter.swift */,
			);
			path = Extensions;
			sourceTree = "<group>";
		};
		1E8DCF5C23B1EC990018BADB /* Networking */ = {
			isa = PBXGroup;
			children = (
				1EA096FD23B1DCDC00A5B8EC /* Request.swift */,
				1E52A6A923D0F05900332866 /* Configuration.swift */,
				1E8DCF5D23B1ECAB0018BADB /* Models */,
				1E6E3F7F23B1A31E009A0262 /* Extensions */,
			);
			path = Networking;
			sourceTree = "<group>";
		};
		1E8DCF5D23B1ECAB0018BADB /* Models */ = {
			isa = PBXGroup;
			children = (
				1EF2530523C41F3900AB224C /* AlphaVantage */,
				1EF2530723C41F7400AB224C /* FinancialModelingPrep */,
				1EF2530623C41F6900AB224C /* NewsAPI */,
				1ED27F5323CB71080061FEB6 /* IEX Cloud */,
			);
			path = Models;
			sourceTree = "<group>";
		};
		1E95DC4E23B2B05D00FDA3EA /* Extensions */ = {
			isa = PBXGroup;
			children = (
				1E95DC4F23B2B07000FDA3EA /* Double+StringRep.swift */,
				1E95DC5723B2BE3700FDA3EA /* View+Alert.swift */,
				1E42A6C423B423530010DB8F /* Keyboard.swift */,
				1EE3832923BDBE7E00EB9203 /* TimeInterval+String.swift */,
				1E0A59C623C77DA700DE39BC /* UIColor+Additions.swift */,
				1E085CE423C7800C008A3021 /* UIImage+Resize.swift */,
			);
			path = Extensions;
			sourceTree = "<group>";
		};
		1EBC63C823B1EDA100F102CB /* Models */ = {
			isa = PBXGroup;
			children = (
				1E8DCF5A23B1E7070018BADB /* PortfolioStock.swift */,
				1E511D0323B2831E00455C7F /* SearchStock.swift */,
				1E62D36F23B87A020093E83B /* DetailStock.swift */,
				1E54FC8E23B9AA5600D7DC04 /* DetailAttributes.swift */,
				1ED5326A23BC5200009CC919 /* UpcomingDividend.swift */,
				1EE3832723BDB4CB00EB9203 /* StockNews.swift */,
				1EEA279323C6728300D63F4D /* SectorAttributes.swift */,
				1E1DB71823D0AEAC006893C3 /* PortfolioSortState.swift */,
				1E1DB71A23D0B108006893C3 /* SortDirection.swift */,
			);
			path = Models;
			sourceTree = "<group>";
		};
		1ED27F5323CB71080061FEB6 /* IEX Cloud */ = {
			isa = PBXGroup;
			children = (
				1EA2B04823CCC66000D5FB31 /* BasicDividendResponse.swift */,
			);
			path = "IEX Cloud";
			sourceTree = "<group>";
		};
		1ED27F5423CBBD730061FEB6 /* Tracker */ = {
			isa = PBXGroup;
			children = (
				1ED27F5723CBC2BB0061FEB6 /* TrackerContainerView.swift */,
				1ED27F5923CBC2C00061FEB6 /* TrackerView.swift */,
				1E97A3D423D293C900296D7E /* AllHoldingsInfo.swift */,
				1E97A3D223D2924C00296D7E /* TrackerRow.swift */,
				1E83232A23CBF9D30088DB2C /* PositionDetailsContainerView.swift */,
				1ED27F6023CBD8700061FEB6 /* PositionDetailsView.swift */,
				1E97A3D623D2943700296D7E /* HoldingInfoForm.swift */,
				1E97A3D823D2944900296D7E /* StockDetailPopup.swift */,
				1E4A814523D2960900AAB42C /* HoldingDetails.swift */,
				1E97A3DE23D2949E00296D7E /* StockUpcomingDividends.swift */,
				1EF110A623CEA695006CA855 /* Extensions */,
				1ED27F5B23CBCB170061FEB6 /* Models */,
			);
			path = Tracker;
			sourceTree = "<group>";
		};
		1ED27F5B23CBCB170061FEB6 /* Models */ = {
			isa = PBXGroup;
			children = (
				1ED27F5C23CBCB3A0061FEB6 /* HoldingInfo.swift */,
			);
			path = Models;
			sourceTree = "<group>";
		};
		1ED6131323B6B1BE00CF4CD0 /* LineChart */ = {
			isa = PBXGroup;
			children = (
				1ED6131423B6B1BE00CF4CD0 /* IndicatorPoint.swift */,
				1ED6131523B6B1BE00CF4CD0 /* LineView.swift */,
				1ED6131623B6B1BE00CF4CD0 /* Legend.swift */,
				1ED6131723B6B1BE00CF4CD0 /* LineChartView.swift */,
				1ED6131823B6B1BE00CF4CD0 /* Line.swift */,
			);
			path = LineChart;
			sourceTree = "<group>";
		};
		1ED6132023B6C77C00CF4CD0 /* Graphs */ = {
			isa = PBXGroup;
			children = (
				1ED6131E23B6B1C600CF4CD0 /* Helpers.swift */,
				1ED6131323B6B1BE00CF4CD0 /* LineChart */,
				1ED6132123B6C7A400CF4CD0 /* BarChart */,
			);
			path = Graphs;
			sourceTree = "<group>";
		};
		1ED6132123B6C7A400CF4CD0 /* BarChart */ = {
			isa = PBXGroup;
			children = (
				1ED6132223B6C7A400CF4CD0 /* BarChartView.swift */,
				1ED6132323B6C7A400CF4CD0 /* BarChartRow.swift */,
				1ED6132423B6C7A400CF4CD0 /* BarChartCell.swift */,
			);
			path = BarChart;
			sourceTree = "<group>";
		};
		1ED966BA23B55BCD000BDE8D /* Income */ = {
			isa = PBXGroup;
			children = (
				1ED966BB23B55C01000BDE8D /* IncomeContainerView.swift */,
				1ED966C223B560D2000BDE8D /* IncomeView.swift */,
				1E72E90E23BB2B8D00C899E1 /* AddDividendView.swift */,
				1E86AECF23B5CC3200B38275 /* Models */,
				1E86AED223B5D62E00B38275 /* Extensions */,
			);
			path = Income;
			sourceTree = "<group>";
		};
		1EF05F8A23CAEBD1006CCD05 /* Common */ = {
			isa = PBXGroup;
			children = (
				1EF05F8B23CAEBEE006CCD05 /* ExitButton.swift */,
				1E1DB71C23D16F7B006893C3 /* ListHeader.swift */,
				1E97A3CA23D2102E00296D7E /* DarkTextField.swift */,
				1E97A3D023D2920B00296D7E /* CustomDivider.swift */,
				1E97A3DC23D2948A00296D7E /* StockInfoRow.swift */,
				1E4A814B23D29CA700AAB42C /* CheckMarkButton.swift */,
				1E238DAF23D37DF80021F86E /* KeyboardResponsiveModifier.swift */,
			);
			path = Common;
			sourceTree = "<group>";
		};
		1EF110A623CEA695006CA855 /* Extensions */ = {
			isa = PBXGroup;
			children = (
				1EF110A723CEA6A0006CA855 /* View+Rectangle.swift */,
				1E97A3CC23D28B8D00296D7E /* EditMode+Custom.swift */,
			);
			path = Extensions;
			sourceTree = "<group>";
		};
		1EF110A923CECE1B006CA855 /* Schedule */ = {
			isa = PBXGroup;
			children = (
				1EF110AA23CECE2F006CA855 /* ScheduleContainerView.swift */,
				1E3CE70B23CFE6F300EB5226 /* ScheduleView.swift */,
				1E4A814723D298F300AAB42C /* ScheduleListRow.swift */,
			);
			path = Schedule;
			sourceTree = "<group>";
		};
		1EF2530523C41F3900AB224C /* AlphaVantage */ = {
			isa = PBXGroup;
			children = (
				1E511D0523B2870100455C7F /* SearchStockResponse.swift */,
				1E8DCF5F23B1ECCE0018BADB /* CompanyProfileResponse.swift */,
			);
			path = AlphaVantage;
			sourceTree = "<group>";
		};
		1EF2530623C41F6900AB224C /* NewsAPI */ = {
			isa = PBXGroup;
			children = (
				1EE3832523BDB06300EB9203 /* NewsEverythingResponse.swift */,
			);
			path = NewsAPI;
			sourceTree = "<group>";
		};
		1EF2530723C41F7400AB224C /* FinancialModelingPrep */ = {
			isa = PBXGroup;
			children = (
				1E62D35F23B82CE80093E83B /* CompanyKeyMetrics.swift */,
				1E62D36123B837880093E83B /* CompanyIncomeStatementResponse.swift */,
				1E62D36323B838030093E83B /* CompanyBalanceSheetResponse.swift */,
				1E62D36523B839B90093E83B /* CompanyCashFlowStatementResponse.swift */,
				1E62D36923B859700093E83B /* CompanyFinancialGrowthResponse.swift */,
				1E556FA223BBF78400CB569B /* StockHistoricalPriceResponse.swift */,
				1ED27F5E23CBCEF70061FEB6 /* CurrentSharePriceResponse.swift */,
			);
			path = FinancialModelingPrep;
			sourceTree = "<group>";
		};
/* End PBXGroup section */

/* Begin PBXNativeTarget section */
		1E6E3F5123B19D8F009A0262 /* Dividend App */ = {
			isa = PBXNativeTarget;
			buildConfigurationList = 1E6E3F6623B19D90009A0262 /* Build configuration list for PBXNativeTarget "Dividend App" */;
			buildPhases = (
				1E6E3F4E23B19D8F009A0262 /* Sources */,
				1E6E3F4F23B19D8F009A0262 /* Frameworks */,
				1E6E3F5023B19D8F009A0262 /* Resources */,
			);
			buildRules = (
			);
			dependencies = (
			);
			name = "Dividend App";
			packageProductDependencies = (
				1E64C22C23B3205900C06444 /* URLImage */,
				1EEA279123C66CD200D63F4D /* SunburstDiagram */,
			);
			productName = "Dividend App";
			productReference = 1E6E3F5223B19D8F009A0262 /* DivRise.app */;
			productType = "com.apple.product-type.application";
		};
/* End PBXNativeTarget section */

/* Begin PBXProject section */
		1E6E3F4A23B19D8E009A0262 /* Project object */ = {
			isa = PBXProject;
			attributes = {
				LastSwiftUpdateCheck = 1130;
				LastUpgradeCheck = 1130;
				ORGANIZATIONNAME = "Kevin Li";
				TargetAttributes = {
					1E6E3F5123B19D8F009A0262 = {
						CreatedOnToolsVersion = 11.3;
					};
				};
			};
			buildConfigurationList = 1E6E3F4D23B19D8E009A0262 /* Build configuration list for PBXProject "Dividend App" */;
			compatibilityVersion = "Xcode 9.3";
			developmentRegion = en;
			hasScannedForEncodings = 0;
			knownRegions = (
				en,
				Base,
			);
			mainGroup = 1E6E3F4923B19D8E009A0262;
			packageReferences = (
				1E64C22B23B3205900C06444 /* XCRemoteSwiftPackageReference "url-image" */,
				1EEA279023C66CD200D63F4D /* XCRemoteSwiftPackageReference "SwiftSunburstDiagram" */,
			);
			productRefGroup = 1E6E3F5323B19D8F009A0262 /* Products */;
			projectDirPath = "";
			projectRoot = "";
			targets = (
				1E6E3F5123B19D8F009A0262 /* Dividend App */,
			);
		};
/* End PBXProject section */

/* Begin PBXResourcesBuildPhase section */
		1E6E3F5023B19D8F009A0262 /* Resources */ = {
			isa = PBXResourcesBuildPhase;
			buildActionMask = 2147483647;
			files = (
				1E6E3F6223B19D90009A0262 /* LaunchScreen.storyboard in Resources */,
				1E6E3F5F23B19D90009A0262 /* Preview Assets.xcassets in Resources */,
				1E6E3F5C23B19D90009A0262 /* Assets.xcassets in Resources */,
			);
			runOnlyForDeploymentPostprocessing = 0;
		};
/* End PBXResourcesBuildPhase section */

/* Begin PBXSourcesBuildPhase section */
		1E6E3F4E23B19D8F009A0262 /* Sources */ = {
			isa = PBXSourcesBuildPhase;
			buildActionMask = 2147483647;
			files = (
				1E95DC5623B2B57A00FDA3EA /* AddAlertView.swift in Sources */,
				1E97A3DF23D2949E00296D7E /* StockUpcomingDividends.swift in Sources */,
				1E62D36023B82CE80093E83B /* CompanyKeyMetrics.swift in Sources */,
				1E4A814623D2960900AAB42C /* HoldingDetails.swift in Sources */,
				1EC64F2E23B2E29E00BC63A5 /* Data+Json.swift in Sources */,
				1E72E90F23BB2B8D00C899E1 /* AddDividendView.swift in Sources */,
				1ED6131923B6B1BE00CF4CD0 /* IndicatorPoint.swift in Sources */,
				1EA096FE23B1DCDC00A5B8EC /* Request.swift in Sources */,
				1EEA279423C6728300D63F4D /* SectorAttributes.swift in Sources */,
				1EF77A3723B1F26400FAD6F3 /* PortfolioDetailContainerView.swift in Sources */,
				1E95DC5023B2B07000FDA3EA /* Double+StringRep.swift in Sources */,
				1E97A3CB23D2102E00296D7E /* DarkTextField.swift in Sources */,
				1ED6131B23B6B1BE00CF4CD0 /* Legend.swift in Sources */,
				1ED966BE23B55CC0000BDE8D /* SettingsContainerView.swift in Sources */,
				1E62D36623B839B90093E83B /* CompanyCashFlowStatementResponse.swift in Sources */,
				1E3BCB7023B9BD7100FAD5AA /* CardDetailStockRow.swift in Sources */,
				1E6E3F5623B19D8F009A0262 /* AppDelegate.swift in Sources */,
				1ED6131A23B6B1BE00CF4CD0 /* LineView.swift in Sources */,
				1E97A3D923D2944900296D7E /* StockDetailPopup.swift in Sources */,
				1E6E3F7A23B1A1C1009A0262 /* AppState.swift in Sources */,
				1E97A3D523D293C900296D7E /* AllHoldingsInfo.swift in Sources */,
				1E4A814823D298F300AAB42C /* ScheduleListRow.swift in Sources */,
				1ED6132623B6C7A400CF4CD0 /* BarChartRow.swift in Sources */,
				1E3CE70C23CFE6F300EB5226 /* ScheduleView.swift in Sources */,
				1E1DB71B23D0B108006893C3 /* SortDirection.swift in Sources */,
				1ED27F5823CBC2BB0061FEB6 /* TrackerContainerView.swift in Sources */,
				1EF2530423C41D1600AB224C /* PortfolioInfoRow.swift in Sources */,
				1ED27F5A23CBC2C00061FEB6 /* TrackerView.swift in Sources */,
				1E394D8623C1176E00559B91 /* EditInfoView.swift in Sources */,
				1E4A814C23D29CA700AAB42C /* CheckMarkButton.swift in Sources */,
				1ED6132523B6C7A400CF4CD0 /* BarChartView.swift in Sources */,
				1EF110AB23CECE2F006CA855 /* ScheduleContainerView.swift in Sources */,
				1EF77A3923B1F27300FAD6F3 /* PortfolioDetailView.swift in Sources */,
				1EE3832E23BDC82500EB9203 /* StockNewsView.swift in Sources */,
				1E511D0223B2830E00455C7F /* SearchStockView.swift in Sources */,
				1E085CE523C7800C008A3021 /* UIImage+Resize.swift in Sources */,
				1E62D36A23B859700093E83B /* CompanyFinancialGrowthResponse.swift in Sources */,
				1E62D36423B838030093E83B /* CompanyBalanceSheetResponse.swift in Sources */,
				1ED5326B23BC5200009CC919 /* UpcomingDividend.swift in Sources */,
				1ED5326F23BC5739009CC919 /* PortfolioInfoView.swift in Sources */,
				1EE3832623BDB06300EB9203 /* NewsEverythingResponse.swift in Sources */,
				1E27CB9B23BC593300FFF7FF /* PortfolioInfoContainerView.swift in Sources */,
				1E8DCF5B23B1E7070018BADB /* PortfolioStock.swift in Sources */,
				1ED966C323B560D2000BDE8D /* IncomeView.swift in Sources */,
				1E511D0423B2831E00455C7F /* SearchStock.swift in Sources */,
				1ED27F5D23CBCB3A0061FEB6 /* HoldingInfo.swift in Sources */,
				1E511CFE23B2817600455C7F /* AddStockContainerView.swift in Sources */,
				1EFBDCB923BEFEEA00592F76 /* BlurView.swift in Sources */,
				1E3BCB7223B9CBE400FAD5AA /* CurrentDetailStockRow.swift in Sources */,
				1EC64F2C23B2E1EB00BC63A5 /* Logger.swift in Sources */,
				1E97A3D123D2920B00296D7E /* CustomDivider.swift in Sources */,
				1E97A3D323D2924C00296D7E /* TrackerRow.swift in Sources */,
				1E238DB023D37DF80021F86E /* KeyboardResponsiveModifier.swift in Sources */,
				1E62D36E23B86BDC0093E83B /* HostingController.swift in Sources */,
				1EEF292D23BEB20E00BCD51D /* SafariView.swift in Sources */,
				1E62D36223B837880093E83B /* CompanyIncomeStatementResponse.swift in Sources */,
				1E556FA323BBF78400CB569B /* StockHistoricalPriceResponse.swift in Sources */,
				1E114BCB23B2A9C000863E0C /* SideEffect.swift in Sources */,
				1E97A3DD23D2948A00296D7E /* StockInfoRow.swift in Sources */,
				1ED966BC23B55C01000BDE8D /* IncomeContainerView.swift in Sources */,
				1E86AED423B5D63C00B38275 /* Date+Formatter.swift in Sources */,
				1E6E3F6C23B19EEA009A0262 /* AppAction.swift in Sources */,
				1E8DCF6023B1ECCE0018BADB /* CompanyProfileResponse.swift in Sources */,
				1E52A6AA23D0F05900332866 /* Configuration.swift in Sources */,
				1EE3832823BDB4CB00EB9203 /* StockNews.swift in Sources */,
				1EE3832A23BDBE7E00EB9203 /* TimeInterval+String.swift in Sources */,
				1ED6131F23B6B1C600CF4CD0 /* Helpers.swift in Sources */,
				1E6E3F7E23B1A21C009A0262 /* Environment.swift in Sources */,
				1E1DB71923D0AEAC006893C3 /* PortfolioSortState.swift in Sources */,
				1E1DB71D23D16F7B006893C3 /* ListHeader.swift in Sources */,
				1E97A3D723D2943700296D7E /* HoldingInfoForm.swift in Sources */,
				1EBC63CA23B1EDF200F102CB /* PortfolioView.swift in Sources */,
				1E97A3CD23D28B8D00296D7E /* EditMode+Custom.swift in Sources */,
				1E42A6C523B423530010DB8F /* Keyboard.swift in Sources */,
				1E0A59C723C77DA700DE39BC /* UIColor+Additions.swift in Sources */,
				1EA2B04923CCC66000D5FB31 /* BasicDividendResponse.swift in Sources */,
				1E62D36C23B86A020093E83B /* PortfolioStockRow.swift in Sources */,
				1E6E3F8B23B1A422009A0262 /* PortfolioContainerView.swift in Sources */,
				1ED6132C23B6CAFD00CF4CD0 /* SettingsView.swift in Sources */,
				1EA7B19823B9E620007F1F7A /* CardView.swift in Sources */,
				1E6E3F8723B1A3F5009A0262 /* RootView.swift in Sources */,
				1ED27F5F23CBCEF70061FEB6 /* CurrentSharePriceResponse.swift in Sources */,
				1ED27F6123CBD8700061FEB6 /* PositionDetailsView.swift in Sources */,
				1E54FC8F23B9AA5600D7DC04 /* DetailAttributes.swift in Sources */,
				1E4A814E23D2A02000AAB42C /* PortfolioSortHeader.swift in Sources */,
				1E511D0623B2870100455C7F /* SearchStockResponse.swift in Sources */,
				1ED6132723B6C7A400CF4CD0 /* BarChartCell.swift in Sources */,
				1ED6131D23B6B1BE00CF4CD0 /* Line.swift in Sources */,
				1ED6131C23B6B1BE00CF4CD0 /* LineChartView.swift in Sources */,
				1E62D37023B87A020093E83B /* DetailStock.swift in Sources */,
				1E114BCF23B2ACC600863E0C /* SearchStockRow.swift in Sources */,
				1E6E3F7C23B1A20A009A0262 /* Store.swift in Sources */,
				1EF05F8C23CAEBEE006CCD05 /* ExitButton.swift in Sources */,
				1E6E3F7823B1A17C009A0262 /* AppReducer.swift in Sources */,
				1E6E3F8123B1A333009A0262 /* RandomAccessCollection.swift in Sources */,
				1EF110A823CEA6A0006CA855 /* View+Rectangle.swift in Sources */,
				1E95DC5823B2BE3700FDA3EA /* View+Alert.swift in Sources */,
				1E6E3F5823B19D8F009A0262 /* SceneDelegate.swift in Sources */,
				1E86AED123B5CC4500B38275 /* Record.swift in Sources */,
				1E83232B23CBF9D30088DB2C /* PositionDetailsContainerView.swift in Sources */,
				1E4A814A23D29C0000AAB42C /* DetailAttributeOrdering.swift in Sources */,
				1EA0970023B1E39B00A5B8EC /* URL+Queries.swift in Sources */,
			);
			runOnlyForDeploymentPostprocessing = 0;
		};
/* End PBXSourcesBuildPhase section */

/* Begin PBXVariantGroup section */
		1E6E3F6023B19D90009A0262 /* LaunchScreen.storyboard */ = {
			isa = PBXVariantGroup;
			children = (
				1E6E3F6123B19D90009A0262 /* Base */,
			);
			name = LaunchScreen.storyboard;
			sourceTree = "<group>";
		};
/* End PBXVariantGroup section */

/* Begin XCBuildConfiguration section */
		1E6E3F6423B19D90009A0262 /* Debug */ = {
			isa = XCBuildConfiguration;
			buildSettings = {
				ALWAYS_SEARCH_USER_PATHS = NO;
				CLANG_ANALYZER_NONNULL = YES;
				CLANG_ANALYZER_NUMBER_OBJECT_CONVERSION = YES_AGGRESSIVE;
				CLANG_CXX_LANGUAGE_STANDARD = "gnu++14";
				CLANG_CXX_LIBRARY = "libc++";
				CLANG_ENABLE_MODULES = YES;
				CLANG_ENABLE_OBJC_ARC = YES;
				CLANG_ENABLE_OBJC_WEAK = YES;
				CLANG_WARN_BLOCK_CAPTURE_AUTORELEASING = YES;
				CLANG_WARN_BOOL_CONVERSION = YES;
				CLANG_WARN_COMMA = YES;
				CLANG_WARN_CONSTANT_CONVERSION = YES;
				CLANG_WARN_DEPRECATED_OBJC_IMPLEMENTATIONS = YES;
				CLANG_WARN_DIRECT_OBJC_ISA_USAGE = YES_ERROR;
				CLANG_WARN_DOCUMENTATION_COMMENTS = YES;
				CLANG_WARN_EMPTY_BODY = YES;
				CLANG_WARN_ENUM_CONVERSION = YES;
				CLANG_WARN_INFINITE_RECURSION = YES;
				CLANG_WARN_INT_CONVERSION = YES;
				CLANG_WARN_NON_LITERAL_NULL_CONVERSION = YES;
				CLANG_WARN_OBJC_IMPLICIT_RETAIN_SELF = YES;
				CLANG_WARN_OBJC_LITERAL_CONVERSION = YES;
				CLANG_WARN_OBJC_ROOT_CLASS = YES_ERROR;
				CLANG_WARN_RANGE_LOOP_ANALYSIS = YES;
				CLANG_WARN_STRICT_PROTOTYPES = YES;
				CLANG_WARN_SUSPICIOUS_MOVE = YES;
				CLANG_WARN_UNGUARDED_AVAILABILITY = YES_AGGRESSIVE;
				CLANG_WARN_UNREACHABLE_CODE = YES;
				CLANG_WARN__DUPLICATE_METHOD_MATCH = YES;
				COPY_PHASE_STRIP = NO;
				DEBUG_INFORMATION_FORMAT = dwarf;
				ENABLE_STRICT_OBJC_MSGSEND = YES;
				ENABLE_TESTABILITY = YES;
				GCC_C_LANGUAGE_STANDARD = gnu11;
				GCC_DYNAMIC_NO_PIC = NO;
				GCC_NO_COMMON_BLOCKS = YES;
				GCC_OPTIMIZATION_LEVEL = 0;
				GCC_PREPROCESSOR_DEFINITIONS = (
					"DEBUG=1",
					"$(inherited)",
				);
				GCC_WARN_64_TO_32_BIT_CONVERSION = YES;
				GCC_WARN_ABOUT_RETURN_TYPE = YES_ERROR;
				GCC_WARN_UNDECLARED_SELECTOR = YES;
				GCC_WARN_UNINITIALIZED_AUTOS = YES_AGGRESSIVE;
				GCC_WARN_UNUSED_FUNCTION = YES;
				GCC_WARN_UNUSED_VARIABLE = YES;
				IPHONEOS_DEPLOYMENT_TARGET = 13.0;
				MTL_ENABLE_DEBUG_INFO = INCLUDE_SOURCE;
				MTL_FAST_MATH = YES;
				ONLY_ACTIVE_ARCH = YES;
				SDKROOT = iphoneos;
				SWIFT_ACTIVE_COMPILATION_CONDITIONS = DEBUG;
				SWIFT_OPTIMIZATION_LEVEL = "-Onone";
			};
			name = Debug;
		};
		1E6E3F6523B19D90009A0262 /* Release */ = {
			isa = XCBuildConfiguration;
			buildSettings = {
				ALWAYS_SEARCH_USER_PATHS = NO;
				CLANG_ANALYZER_NONNULL = YES;
				CLANG_ANALYZER_NUMBER_OBJECT_CONVERSION = YES_AGGRESSIVE;
				CLANG_CXX_LANGUAGE_STANDARD = "gnu++14";
				CLANG_CXX_LIBRARY = "libc++";
				CLANG_ENABLE_MODULES = YES;
				CLANG_ENABLE_OBJC_ARC = YES;
				CLANG_ENABLE_OBJC_WEAK = YES;
				CLANG_WARN_BLOCK_CAPTURE_AUTORELEASING = YES;
				CLANG_WARN_BOOL_CONVERSION = YES;
				CLANG_WARN_COMMA = YES;
				CLANG_WARN_CONSTANT_CONVERSION = YES;
				CLANG_WARN_DEPRECATED_OBJC_IMPLEMENTATIONS = YES;
				CLANG_WARN_DIRECT_OBJC_ISA_USAGE = YES_ERROR;
				CLANG_WARN_DOCUMENTATION_COMMENTS = YES;
				CLANG_WARN_EMPTY_BODY = YES;
				CLANG_WARN_ENUM_CONVERSION = YES;
				CLANG_WARN_INFINITE_RECURSION = YES;
				CLANG_WARN_INT_CONVERSION = YES;
				CLANG_WARN_NON_LITERAL_NULL_CONVERSION = YES;
				CLANG_WARN_OBJC_IMPLICIT_RETAIN_SELF = YES;
				CLANG_WARN_OBJC_LITERAL_CONVERSION = YES;
				CLANG_WARN_OBJC_ROOT_CLASS = YES_ERROR;
				CLANG_WARN_RANGE_LOOP_ANALYSIS = YES;
				CLANG_WARN_STRICT_PROTOTYPES = YES;
				CLANG_WARN_SUSPICIOUS_MOVE = YES;
				CLANG_WARN_UNGUARDED_AVAILABILITY = YES_AGGRESSIVE;
				CLANG_WARN_UNREACHABLE_CODE = YES;
				CLANG_WARN__DUPLICATE_METHOD_MATCH = YES;
				COPY_PHASE_STRIP = NO;
				DEBUG_INFORMATION_FORMAT = "dwarf-with-dsym";
				ENABLE_NS_ASSERTIONS = NO;
				ENABLE_STRICT_OBJC_MSGSEND = YES;
				GCC_C_LANGUAGE_STANDARD = gnu11;
				GCC_NO_COMMON_BLOCKS = YES;
				GCC_WARN_64_TO_32_BIT_CONVERSION = YES;
				GCC_WARN_ABOUT_RETURN_TYPE = YES_ERROR;
				GCC_WARN_UNDECLARED_SELECTOR = YES;
				GCC_WARN_UNINITIALIZED_AUTOS = YES_AGGRESSIVE;
				GCC_WARN_UNUSED_FUNCTION = YES;
				GCC_WARN_UNUSED_VARIABLE = YES;
				IPHONEOS_DEPLOYMENT_TARGET = 13.0;
				MTL_ENABLE_DEBUG_INFO = NO;
				MTL_FAST_MATH = YES;
				SDKROOT = iphoneos;
				SWIFT_COMPILATION_MODE = wholemodule;
				SWIFT_OPTIMIZATION_LEVEL = "-O";
				VALIDATE_PRODUCT = YES;
			};
			name = Release;
		};
		1E6E3F6723B19D90009A0262 /* Debug */ = {
			isa = XCBuildConfiguration;
			buildSettings = {
				ASSETCATALOG_COMPILER_APPICON_NAME = AppIcon;
				CODE_SIGN_STYLE = Automatic;
				CURRENT_PROJECT_VERSION = 1.0.2;
				DEVELOPMENT_ASSET_PATHS = "\"Dividend App/Preview Content\"";
				DEVELOPMENT_TEAM = 75H2NCGMKS;
				ENABLE_PREVIEWS = YES;
				INFOPLIST_FILE = "Dividend App/Info.plist";
				LD_RUNPATH_SEARCH_PATHS = (
					"$(inherited)",
					"@executable_path/Frameworks",
				);
				MARKETING_VERSION = 1.0.2;
				PRODUCT_BUNDLE_IDENTIFIER = com.kevinli.DivRise;
				PRODUCT_NAME = DivRise;
				SWIFT_VERSION = 5.0;
				TARGETED_DEVICE_FAMILY = 1;
			};
			name = Debug;
		};
		1E6E3F6823B19D90009A0262 /* Release */ = {
			isa = XCBuildConfiguration;
			buildSettings = {
				ASSETCATALOG_COMPILER_APPICON_NAME = AppIcon;
				CODE_SIGN_STYLE = Automatic;
				CURRENT_PROJECT_VERSION = 1.0.2;
				DEVELOPMENT_ASSET_PATHS = "\"Dividend App/Preview Content\"";
				DEVELOPMENT_TEAM = 75H2NCGMKS;
				ENABLE_PREVIEWS = YES;
				INFOPLIST_FILE = "Dividend App/Info.plist";
				LD_RUNPATH_SEARCH_PATHS = (
					"$(inherited)",
					"@executable_path/Frameworks",
				);
				MARKETING_VERSION = 1.0.2;
				PRODUCT_BUNDLE_IDENTIFIER = com.kevinli.DivRise;
				PRODUCT_NAME = DivRise;
				SWIFT_VERSION = 5.0;
				TARGETED_DEVICE_FAMILY = 1;
			};
			name = Release;
		};
/* End XCBuildConfiguration section */

/* Begin XCConfigurationList section */
		1E6E3F4D23B19D8E009A0262 /* Build configuration list for PBXProject "Dividend App" */ = {
			isa = XCConfigurationList;
			buildConfigurations = (
				1E6E3F6423B19D90009A0262 /* Debug */,
				1E6E3F6523B19D90009A0262 /* Release */,
			);
			defaultConfigurationIsVisible = 0;
			defaultConfigurationName = Release;
		};
		1E6E3F6623B19D90009A0262 /* Build configuration list for PBXNativeTarget "Dividend App" */ = {
			isa = XCConfigurationList;
			buildConfigurations = (
				1E6E3F6723B19D90009A0262 /* Debug */,
				1E6E3F6823B19D90009A0262 /* Release */,
			);
			defaultConfigurationIsVisible = 0;
			defaultConfigurationName = Release;
		};
/* End XCConfigurationList section */

/* Begin XCRemoteSwiftPackageReference section */
		1E64C22B23B3205900C06444 /* XCRemoteSwiftPackageReference "url-image" */ = {
			isa = XCRemoteSwiftPackageReference;
			repositoryURL = "https://github.com/dmytro-anokhin/url-image.git";
			requirement = {
				kind = upToNextMajorVersion;
				minimumVersion = 0.9.9;
			};
		};
		1EEA279023C66CD200D63F4D /* XCRemoteSwiftPackageReference "SwiftSunburstDiagram" */ = {
			isa = XCRemoteSwiftPackageReference;
			repositoryURL = "https://github.com/lludo/SwiftSunburstDiagram";
			requirement = {
				branch = master;
				kind = branch;
			};
		};
/* End XCRemoteSwiftPackageReference section */

/* Begin XCSwiftPackageProductDependency section */
		1E64C22C23B3205900C06444 /* URLImage */ = {
			isa = XCSwiftPackageProductDependency;
			package = 1E64C22B23B3205900C06444 /* XCRemoteSwiftPackageReference "url-image" */;
			productName = URLImage;
		};
		1EEA279123C66CD200D63F4D /* SunburstDiagram */ = {
			isa = XCSwiftPackageProductDependency;
			package = 1EEA279023C66CD200D63F4D /* XCRemoteSwiftPackageReference "SwiftSunburstDiagram" */;
			productName = SunburstDiagram;
		};
/* End XCSwiftPackageProductDependency section */
	};
	rootObject = 1E6E3F4A23B19D8E009A0262 /* Project object */;
}
