// !$*UTF8*$!
{
	archiveVersion = 1;
	classes = {
	};
	objectVersion = 50;
	objects = {

/* Begin PBXBuildFile section */
		1E6E3F5623B19D8F009A0262 /* AppDelegate.swift in Sources */ = {isa = PBXBuildFile; fileRef = 1E6E3F5523B19D8F009A0262 /* AppDelegate.swift */; };
		1E6E3F5823B19D8F009A0262 /* SceneDelegate.swift in Sources */ = {isa = PBXBuildFile; fileRef = 1E6E3F5723B19D8F009A0262 /* SceneDelegate.swift */; };
		1E6E3F5C23B19D90009A0262 /* Assets.xcassets in Resources */ = {isa = PBXBuildFile; fileRef = 1E6E3F5B23B19D90009A0262 /* Assets.xcassets */; };
		1E6E3F5F23B19D90009A0262 /* Preview Assets.xcassets in Resources */ = {isa = PBXBuildFile; fileRef = 1E6E3F5E23B19D90009A0262 /* Preview Assets.xcassets */; };
		1E6E3F6223B19D90009A0262 /* LaunchScreen.storyboard in Resources */ = {isa = PBXBuildFile; fileRef = 1E6E3F6023B19D90009A0262 /* LaunchScreen.storyboard */; };
		1E6E3F6C23B19EEA009A0262 /* AppAction.swift in Sources */ = {isa = PBXBuildFile; fileRef = 1E6E3F6B23B19EEA009A0262 /* AppAction.swift */; };
		1E6E3F7823B1A17C009A0262 /* AppReducer.swift in Sources */ = {isa = PBXBuildFile; fileRef = 1E6E3F7723B1A17C009A0262 /* AppReducer.swift */; };
		1E6E3F7A23B1A1C1009A0262 /* AppState.swift in Sources */ = {isa = PBXBuildFile; fileRef = 1E6E3F7923B1A1C1009A0262 /* AppState.swift */; };
		1E6E3F7C23B1A20A009A0262 /* Store.swift in Sources */ = {isa = PBXBuildFile; fileRef = 1E6E3F7B23B1A20A009A0262 /* Store.swift */; };
		1E6E3F7E23B1A21C009A0262 /* Environment.swift in Sources */ = {isa = PBXBuildFile; fileRef = 1E6E3F7D23B1A21C009A0262 /* Environment.swift */; };
		1E6E3F8123B1A333009A0262 /* RandomAccessCollection.swift in Sources */ = {isa = PBXBuildFile; fileRef = 1E6E3F8023B1A333009A0262 /* RandomAccessCollection.swift */; };
		1E6E3F8323B1A347009A0262 /* View+Embed.swift in Sources */ = {isa = PBXBuildFile; fileRef = 1E6E3F8223B1A347009A0262 /* View+Embed.swift */; };
		1E6E3F8723B1A3F5009A0262 /* RootView.swift in Sources */ = {isa = PBXBuildFile; fileRef = 1E6E3F8623B1A3F5009A0262 /* RootView.swift */; };
		1E6E3F8B23B1A422009A0262 /* PortfolioContainerView.swift in Sources */ = {isa = PBXBuildFile; fileRef = 1E6E3F8A23B1A422009A0262 /* PortfolioContainerView.swift */; };
		1E8DCF5B23B1E7070018BADB /* PortfolioStock.swift in Sources */ = {isa = PBXBuildFile; fileRef = 1E8DCF5A23B1E7070018BADB /* PortfolioStock.swift */; };
		1E8DCF6023B1ECCE0018BADB /* PortfolioStockResponse.swift in Sources */ = {isa = PBXBuildFile; fileRef = 1E8DCF5F23B1ECCE0018BADB /* PortfolioStockResponse.swift */; };
		1EA096FE23B1DCDC00A5B8EC /* PortfolioStockService.swift in Sources */ = {isa = PBXBuildFile; fileRef = 1EA096FD23B1DCDC00A5B8EC /* PortfolioStockService.swift */; };
		1EA0970023B1E39B00A5B8EC /* URL+Queries.swift in Sources */ = {isa = PBXBuildFile; fileRef = 1EA096FF23B1E39B00A5B8EC /* URL+Queries.swift */; };
/* End PBXBuildFile section */

/* Begin PBXFileReference section */
		1E6E3F5223B19D8F009A0262 /* Dividend App.app */ = {isa = PBXFileReference; explicitFileType = wrapper.application; includeInIndex = 0; path = "Dividend App.app"; sourceTree = BUILT_PRODUCTS_DIR; };
		1E6E3F5523B19D8F009A0262 /* AppDelegate.swift */ = {isa = PBXFileReference; lastKnownFileType = sourcecode.swift; path = AppDelegate.swift; sourceTree = "<group>"; };
		1E6E3F5723B19D8F009A0262 /* SceneDelegate.swift */ = {isa = PBXFileReference; lastKnownFileType = sourcecode.swift; path = SceneDelegate.swift; sourceTree = "<group>"; };
		1E6E3F5B23B19D90009A0262 /* Assets.xcassets */ = {isa = PBXFileReference; lastKnownFileType = folder.assetcatalog; path = Assets.xcassets; sourceTree = "<group>"; };
		1E6E3F5E23B19D90009A0262 /* Preview Assets.xcassets */ = {isa = PBXFileReference; lastKnownFileType = folder.assetcatalog; path = "Preview Assets.xcassets"; sourceTree = "<group>"; };
		1E6E3F6123B19D90009A0262 /* Base */ = {isa = PBXFileReference; lastKnownFileType = file.storyboard; name = Base; path = Base.lproj/LaunchScreen.storyboard; sourceTree = "<group>"; };
		1E6E3F6323B19D90009A0262 /* Info.plist */ = {isa = PBXFileReference; lastKnownFileType = text.plist.xml; path = Info.plist; sourceTree = "<group>"; };
		1E6E3F6B23B19EEA009A0262 /* AppAction.swift */ = {isa = PBXFileReference; lastKnownFileType = sourcecode.swift; path = AppAction.swift; sourceTree = "<group>"; };
		1E6E3F7723B1A17C009A0262 /* AppReducer.swift */ = {isa = PBXFileReference; lastKnownFileType = sourcecode.swift; path = AppReducer.swift; sourceTree = "<group>"; };
		1E6E3F7923B1A1C1009A0262 /* AppState.swift */ = {isa = PBXFileReference; lastKnownFileType = sourcecode.swift; path = AppState.swift; sourceTree = "<group>"; };
		1E6E3F7B23B1A20A009A0262 /* Store.swift */ = {isa = PBXFileReference; lastKnownFileType = sourcecode.swift; path = Store.swift; sourceTree = "<group>"; };
		1E6E3F7D23B1A21C009A0262 /* Environment.swift */ = {isa = PBXFileReference; lastKnownFileType = sourcecode.swift; path = Environment.swift; sourceTree = "<group>"; };
		1E6E3F8023B1A333009A0262 /* RandomAccessCollection.swift */ = {isa = PBXFileReference; lastKnownFileType = sourcecode.swift; path = RandomAccessCollection.swift; sourceTree = "<group>"; };
		1E6E3F8223B1A347009A0262 /* View+Embed.swift */ = {isa = PBXFileReference; lastKnownFileType = sourcecode.swift; path = "View+Embed.swift"; sourceTree = "<group>"; };
		1E6E3F8623B1A3F5009A0262 /* RootView.swift */ = {isa = PBXFileReference; lastKnownFileType = sourcecode.swift; path = RootView.swift; sourceTree = "<group>"; };
		1E6E3F8A23B1A422009A0262 /* PortfolioContainerView.swift */ = {isa = PBXFileReference; lastKnownFileType = sourcecode.swift; path = PortfolioContainerView.swift; sourceTree = "<group>"; };
		1E8DCF5A23B1E7070018BADB /* PortfolioStock.swift */ = {isa = PBXFileReference; lastKnownFileType = sourcecode.swift; path = PortfolioStock.swift; sourceTree = "<group>"; };
		1E8DCF5F23B1ECCE0018BADB /* PortfolioStockResponse.swift */ = {isa = PBXFileReference; lastKnownFileType = sourcecode.swift; path = PortfolioStockResponse.swift; sourceTree = "<group>"; };
		1EA096FD23B1DCDC00A5B8EC /* PortfolioStockService.swift */ = {isa = PBXFileReference; lastKnownFileType = sourcecode.swift; path = PortfolioStockService.swift; sourceTree = "<group>"; };
		1EA096FF23B1E39B00A5B8EC /* URL+Queries.swift */ = {isa = PBXFileReference; lastKnownFileType = sourcecode.swift; path = "URL+Queries.swift"; sourceTree = "<group>"; };
/* End PBXFileReference section */

/* Begin PBXFrameworksBuildPhase section */
		1E6E3F4F23B19D8F009A0262 /* Frameworks */ = {
			isa = PBXFrameworksBuildPhase;
			buildActionMask = 2147483647;
			files = (
			);
			runOnlyForDeploymentPostprocessing = 0;
		};
/* End PBXFrameworksBuildPhase section */

/* Begin PBXGroup section */
		1E6E3F4923B19D8E009A0262 = {
			isa = PBXGroup;
			children = (
				1E6E3F5423B19D8F009A0262 /* Dividend App */,
				1E6E3F5323B19D8F009A0262 /* Products */,
			);
			sourceTree = "<group>";
		};
		1E6E3F5323B19D8F009A0262 /* Products */ = {
			isa = PBXGroup;
			children = (
				1E6E3F5223B19D8F009A0262 /* Dividend App.app */,
			);
			name = Products;
			sourceTree = "<group>";
		};
		1E6E3F5423B19D8F009A0262 /* Dividend App */ = {
			isa = PBXGroup;
			children = (
				1E6E3F6E23B19F70009A0262 /* Launch */,
				1E6E3F6D23B19F63009A0262 /* Features */,
				1E8DCF5C23B1EC990018BADB /* Networking */,
				1E6E3F7F23B1A31E009A0262 /* Extensions */,
				1E6E3F6923B19ED3009A0262 /* Redux */,
				1E6E3F5B23B19D90009A0262 /* Assets.xcassets */,
				1E6E3F6023B19D90009A0262 /* LaunchScreen.storyboard */,
				1E6E3F6323B19D90009A0262 /* Info.plist */,
				1E6E3F5D23B19D90009A0262 /* Preview Content */,
			);
			path = "Dividend App";
			sourceTree = "<group>";
		};
		1E6E3F5D23B19D90009A0262 /* Preview Content */ = {
			isa = PBXGroup;
			children = (
				1E6E3F5E23B19D90009A0262 /* Preview Assets.xcassets */,
			);
			path = "Preview Content";
			sourceTree = "<group>";
		};
		1E6E3F6923B19ED3009A0262 /* Redux */ = {
			isa = PBXGroup;
			children = (
				1E6E3F7923B1A1C1009A0262 /* AppState.swift */,
				1E6E3F6B23B19EEA009A0262 /* AppAction.swift */,
				1E6E3F7723B1A17C009A0262 /* AppReducer.swift */,
				1E6E3F7B23B1A20A009A0262 /* Store.swift */,
				1E6E3F7D23B1A21C009A0262 /* Environment.swift */,
			);
			path = Redux;
			sourceTree = "<group>";
		};
		1E6E3F6D23B19F63009A0262 /* Features */ = {
			isa = PBXGroup;
			children = (
				1E6E3F8623B1A3F5009A0262 /* RootView.swift */,
				1E6E3F7223B1A0A6009A0262 /* Portfolio */,
				1E6E3F7323B1A0C0009A0262 /* Settings */,
			);
			path = Features;
			sourceTree = "<group>";
		};
		1E6E3F6E23B19F70009A0262 /* Launch */ = {
			isa = PBXGroup;
			children = (
				1E6E3F5523B19D8F009A0262 /* AppDelegate.swift */,
				1E6E3F5723B19D8F009A0262 /* SceneDelegate.swift */,
			);
			path = Launch;
			sourceTree = "<group>";
		};
		1E6E3F7223B1A0A6009A0262 /* Portfolio */ = {
			isa = PBXGroup;
			children = (
				1E6E3F8A23B1A422009A0262 /* PortfolioContainerView.swift */,
				1E6E3F8423B1A37D009A0262 /* Add */,
				1E6E3F8523B1A383009A0262 /* Details */,
				1E8DCF5A23B1E7070018BADB /* PortfolioStock.swift */,
			);
			path = Portfolio;
			sourceTree = "<group>";
		};
		1E6E3F7323B1A0C0009A0262 /* Settings */ = {
			isa = PBXGroup;
			children = (
			);
			path = Settings;
			sourceTree = "<group>";
		};
		1E6E3F7F23B1A31E009A0262 /* Extensions */ = {
			isa = PBXGroup;
			children = (
				1E6E3F8023B1A333009A0262 /* RandomAccessCollection.swift */,
				1E6E3F8223B1A347009A0262 /* View+Embed.swift */,
				1EA096FF23B1E39B00A5B8EC /* URL+Queries.swift */,
			);
			path = Extensions;
			sourceTree = "<group>";
		};
		1E6E3F8423B1A37D009A0262 /* Add */ = {
			isa = PBXGroup;
			children = (
			);
			path = Add;
			sourceTree = "<group>";
		};
		1E6E3F8523B1A383009A0262 /* Details */ = {
			isa = PBXGroup;
			children = (
			);
			path = Details;
			sourceTree = "<group>";
		};
		1E8DCF5C23B1EC990018BADB /* Networking */ = {
			isa = PBXGroup;
			children = (
				1E8DCF5E23B1ECB40018BADB /* Services */,
				1E8DCF5D23B1ECAB0018BADB /* Models */,
			);
			path = Networking;
			sourceTree = "<group>";
		};
		1E8DCF5D23B1ECAB0018BADB /* Models */ = {
			isa = PBXGroup;
			children = (
				1E8DCF5F23B1ECCE0018BADB /* PortfolioStockResponse.swift */,
			);
			path = Models;
			sourceTree = "<group>";
		};
		1E8DCF5E23B1ECB40018BADB /* Services */ = {
			isa = PBXGroup;
			children = (
				1EA096FD23B1DCDC00A5B8EC /* PortfolioStockService.swift */,
			);
			path = Services;
			sourceTree = "<group>";
		};
/* End PBXGroup section */

/* Begin PBXNativeTarget section */
		1E6E3F5123B19D8F009A0262 /* Dividend App */ = {
			isa = PBXNativeTarget;
			buildConfigurationList = 1E6E3F6623B19D90009A0262 /* Build configuration list for PBXNativeTarget "Dividend App" */;
			buildPhases = (
				1E6E3F4E23B19D8F009A0262 /* Sources */,
				1E6E3F4F23B19D8F009A0262 /* Frameworks */,
				1E6E3F5023B19D8F009A0262 /* Resources */,
			);
			buildRules = (
			);
			dependencies = (
			);
			name = "Dividend App";
			productName = "Dividend App";
			productReference = 1E6E3F5223B19D8F009A0262 /* Dividend App.app */;
			productType = "com.apple.product-type.application";
		};
/* End PBXNativeTarget section */

/* Begin PBXProject section */
		1E6E3F4A23B19D8E009A0262 /* Project object */ = {
			isa = PBXProject;
			attributes = {
				LastSwiftUpdateCheck = 1130;
				LastUpgradeCheck = 1130;
				ORGANIZATIONNAME = "Kevin Li";
				TargetAttributes = {
					1E6E3F5123B19D8F009A0262 = {
						CreatedOnToolsVersion = 11.3;
					};
				};
			};
			buildConfigurationList = 1E6E3F4D23B19D8E009A0262 /* Build configuration list for PBXProject "Dividend App" */;
			compatibilityVersion = "Xcode 9.3";
			developmentRegion = en;
			hasScannedForEncodings = 0;
			knownRegions = (
				en,
				Base,
			);
			mainGroup = 1E6E3F4923B19D8E009A0262;
			productRefGroup = 1E6E3F5323B19D8F009A0262 /* Products */;
			projectDirPath = "";
			projectRoot = "";
			targets = (
				1E6E3F5123B19D8F009A0262 /* Dividend App */,
			);
		};
/* End PBXProject section */

/* Begin PBXResourcesBuildPhase section */
		1E6E3F5023B19D8F009A0262 /* Resources */ = {
			isa = PBXResourcesBuildPhase;
			buildActionMask = 2147483647;
			files = (
				1E6E3F6223B19D90009A0262 /* LaunchScreen.storyboard in Resources */,
				1E6E3F5F23B19D90009A0262 /* Preview Assets.xcassets in Resources */,
				1E6E3F5C23B19D90009A0262 /* Assets.xcassets in Resources */,
			);
			runOnlyForDeploymentPostprocessing = 0;
		};
/* End PBXResourcesBuildPhase section */

/* Begin PBXSourcesBuildPhase section */
		1E6E3F4E23B19D8F009A0262 /* Sources */ = {
			isa = PBXSourcesBuildPhase;
			buildActionMask = 2147483647;
			files = (
				1EA096FE23B1DCDC00A5B8EC /* PortfolioStockService.swift in Sources */,
				1E6E3F5623B19D8F009A0262 /* AppDelegate.swift in Sources */,
				1E6E3F7A23B1A1C1009A0262 /* AppState.swift in Sources */,
				1E8DCF5B23B1E7070018BADB /* PortfolioStock.swift in Sources */,
				1E6E3F6C23B19EEA009A0262 /* AppAction.swift in Sources */,
				1E8DCF6023B1ECCE0018BADB /* PortfolioStockResponse.swift in Sources */,
				1E6E3F7E23B1A21C009A0262 /* Environment.swift in Sources */,
				1E6E3F8B23B1A422009A0262 /* PortfolioContainerView.swift in Sources */,
				1E6E3F8723B1A3F5009A0262 /* RootView.swift in Sources */,
				1E6E3F7C23B1A20A009A0262 /* Store.swift in Sources */,
				1E6E3F7823B1A17C009A0262 /* AppReducer.swift in Sources */,
				1E6E3F8123B1A333009A0262 /* RandomAccessCollection.swift in Sources */,
				1E6E3F5823B19D8F009A0262 /* SceneDelegate.swift in Sources */,
				1E6E3F8323B1A347009A0262 /* View+Embed.swift in Sources */,
				1EA0970023B1E39B00A5B8EC /* URL+Queries.swift in Sources */,
			);
			runOnlyForDeploymentPostprocessing = 0;
		};
/* End PBXSourcesBuildPhase section */

/* Begin PBXVariantGroup section */
		1E6E3F6023B19D90009A0262 /* LaunchScreen.storyboard */ = {
			isa = PBXVariantGroup;
			children = (
				1E6E3F6123B19D90009A0262 /* Base */,
			);
			name = LaunchScreen.storyboard;
			sourceTree = "<group>";
		};
/* End PBXVariantGroup section */

/* Begin XCBuildConfiguration section */
		1E6E3F6423B19D90009A0262 /* Debug */ = {
			isa = XCBuildConfiguration;
			buildSettings = {
				ALWAYS_SEARCH_USER_PATHS = NO;
				CLANG_ANALYZER_NONNULL = YES;
				CLANG_ANALYZER_NUMBER_OBJECT_CONVERSION = YES_AGGRESSIVE;
				CLANG_CXX_LANGUAGE_STANDARD = "gnu++14";
				CLANG_CXX_LIBRARY = "libc++";
				CLANG_ENABLE_MODULES = YES;
				CLANG_ENABLE_OBJC_ARC = YES;
				CLANG_ENABLE_OBJC_WEAK = YES;
				CLANG_WARN_BLOCK_CAPTURE_AUTORELEASING = YES;
				CLANG_WARN_BOOL_CONVERSION = YES;
				CLANG_WARN_COMMA = YES;
				CLANG_WARN_CONSTANT_CONVERSION = YES;
				CLANG_WARN_DEPRECATED_OBJC_IMPLEMENTATIONS = YES;
				CLANG_WARN_DIRECT_OBJC_ISA_USAGE = YES_ERROR;
				CLANG_WARN_DOCUMENTATION_COMMENTS = YES;
				CLANG_WARN_EMPTY_BODY = YES;
				CLANG_WARN_ENUM_CONVERSION = YES;
				CLANG_WARN_INFINITE_RECURSION = YES;
				CLANG_WARN_INT_CONVERSION = YES;
				CLANG_WARN_NON_LITERAL_NULL_CONVERSION = YES;
				CLANG_WARN_OBJC_IMPLICIT_RETAIN_SELF = YES;
				CLANG_WARN_OBJC_LITERAL_CONVERSION = YES;
				CLANG_WARN_OBJC_ROOT_CLASS = YES_ERROR;
				CLANG_WARN_RANGE_LOOP_ANALYSIS = YES;
				CLANG_WARN_STRICT_PROTOTYPES = YES;
				CLANG_WARN_SUSPICIOUS_MOVE = YES;
				CLANG_WARN_UNGUARDED_AVAILABILITY = YES_AGGRESSIVE;
				CLANG_WARN_UNREACHABLE_CODE = YES;
				CLANG_WARN__DUPLICATE_METHOD_MATCH = YES;
				COPY_PHASE_STRIP = NO;
				DEBUG_INFORMATION_FORMAT = dwarf;
				ENABLE_STRICT_OBJC_MSGSEND = YES;
				ENABLE_TESTABILITY = YES;
				GCC_C_LANGUAGE_STANDARD = gnu11;
				GCC_DYNAMIC_NO_PIC = NO;
				GCC_NO_COMMON_BLOCKS = YES;
				GCC_OPTIMIZATION_LEVEL = 0;
				GCC_PREPROCESSOR_DEFINITIONS = (
					"DEBUG=1",
					"$(inherited)",
				);
				GCC_WARN_64_TO_32_BIT_CONVERSION = YES;
				GCC_WARN_ABOUT_RETURN_TYPE = YES_ERROR;
				GCC_WARN_UNDECLARED_SELECTOR = YES;
				GCC_WARN_UNINITIALIZED_AUTOS = YES_AGGRESSIVE;
				GCC_WARN_UNUSED_FUNCTION = YES;
				GCC_WARN_UNUSED_VARIABLE = YES;
				IPHONEOS_DEPLOYMENT_TARGET = 13.2;
				MTL_ENABLE_DEBUG_INFO = INCLUDE_SOURCE;
				MTL_FAST_MATH = YES;
				ONLY_ACTIVE_ARCH = YES;
				SDKROOT = iphoneos;
				SWIFT_ACTIVE_COMPILATION_CONDITIONS = DEBUG;
				SWIFT_OPTIMIZATION_LEVEL = "-Onone";
			};
			name = Debug;
		};
		1E6E3F6523B19D90009A0262 /* Release */ = {
			isa = XCBuildConfiguration;
			buildSettings = {
				ALWAYS_SEARCH_USER_PATHS = NO;
				CLANG_ANALYZER_NONNULL = YES;
				CLANG_ANALYZER_NUMBER_OBJECT_CONVERSION = YES_AGGRESSIVE;
				CLANG_CXX_LANGUAGE_STANDARD = "gnu++14";
				CLANG_CXX_LIBRARY = "libc++";
				CLANG_ENABLE_MODULES = YES;
				CLANG_ENABLE_OBJC_ARC = YES;
				CLANG_ENABLE_OBJC_WEAK = YES;
				CLANG_WARN_BLOCK_CAPTURE_AUTORELEASING = YES;
				CLANG_WARN_BOOL_CONVERSION = YES;
				CLANG_WARN_COMMA = YES;
				CLANG_WARN_CONSTANT_CONVERSION = YES;
				CLANG_WARN_DEPRECATED_OBJC_IMPLEMENTATIONS = YES;
				CLANG_WARN_DIRECT_OBJC_ISA_USAGE = YES_ERROR;
				CLANG_WARN_DOCUMENTATION_COMMENTS = YES;
				CLANG_WARN_EMPTY_BODY = YES;
				CLANG_WARN_ENUM_CONVERSION = YES;
				CLANG_WARN_INFINITE_RECURSION = YES;
				CLANG_WARN_INT_CONVERSION = YES;
				CLANG_WARN_NON_LITERAL_NULL_CONVERSION = YES;
				CLANG_WARN_OBJC_IMPLICIT_RETAIN_SELF = YES;
				CLANG_WARN_OBJC_LITERAL_CONVERSION = YES;
				CLANG_WARN_OBJC_ROOT_CLASS = YES_ERROR;
				CLANG_WARN_RANGE_LOOP_ANALYSIS = YES;
				CLANG_WARN_STRICT_PROTOTYPES = YES;
				CLANG_WARN_SUSPICIOUS_MOVE = YES;
				CLANG_WARN_UNGUARDED_AVAILABILITY = YES_AGGRESSIVE;
				CLANG_WARN_UNREACHABLE_CODE = YES;
				CLANG_WARN__DUPLICATE_METHOD_MATCH = YES;
				COPY_PHASE_STRIP = NO;
				DEBUG_INFORMATION_FORMAT = "dwarf-with-dsym";
				ENABLE_NS_ASSERTIONS = NO;
				ENABLE_STRICT_OBJC_MSGSEND = YES;
				GCC_C_LANGUAGE_STANDARD = gnu11;
				GCC_NO_COMMON_BLOCKS = YES;
				GCC_WARN_64_TO_32_BIT_CONVERSION = YES;
				GCC_WARN_ABOUT_RETURN_TYPE = YES_ERROR;
				GCC_WARN_UNDECLARED_SELECTOR = YES;
				GCC_WARN_UNINITIALIZED_AUTOS = YES_AGGRESSIVE;
				GCC_WARN_UNUSED_FUNCTION = YES;
				GCC_WARN_UNUSED_VARIABLE = YES;
				IPHONEOS_DEPLOYMENT_TARGET = 13.2;
				MTL_ENABLE_DEBUG_INFO = NO;
				MTL_FAST_MATH = YES;
				SDKROOT = iphoneos;
				SWIFT_COMPILATION_MODE = wholemodule;
				SWIFT_OPTIMIZATION_LEVEL = "-O";
				VALIDATE_PRODUCT = YES;
			};
			name = Release;
		};
		1E6E3F6723B19D90009A0262 /* Debug */ = {
			isa = XCBuildConfiguration;
			buildSettings = {
				ASSETCATALOG_COMPILER_APPICON_NAME = AppIcon;
				CODE_SIGN_STYLE = Automatic;
				DEVELOPMENT_ASSET_PATHS = "\"Dividend App/Preview Content\"";
				DEVELOPMENT_TEAM = 75H2NCGMKS;
				ENABLE_PREVIEWS = YES;
				INFOPLIST_FILE = "Dividend App/Info.plist";
				LD_RUNPATH_SEARCH_PATHS = (
					"$(inherited)",
					"@executable_path/Frameworks",
				);
				PRODUCT_BUNDLE_IDENTIFIER = "com.kevinli.Dividend-App";
				PRODUCT_NAME = "$(TARGET_NAME)";
				SWIFT_VERSION = 5.0;
				TARGETED_DEVICE_FAMILY = "1,2";
			};
			name = Debug;
		};
		1E6E3F6823B19D90009A0262 /* Release */ = {
			isa = XCBuildConfiguration;
			buildSettings = {
				ASSETCATALOG_COMPILER_APPICON_NAME = AppIcon;
				CODE_SIGN_STYLE = Automatic;
				DEVELOPMENT_ASSET_PATHS = "\"Dividend App/Preview Content\"";
				DEVELOPMENT_TEAM = 75H2NCGMKS;
				ENABLE_PREVIEWS = YES;
				INFOPLIST_FILE = "Dividend App/Info.plist";
				LD_RUNPATH_SEARCH_PATHS = (
					"$(inherited)",
					"@executable_path/Frameworks",
				);
				PRODUCT_BUNDLE_IDENTIFIER = "com.kevinli.Dividend-App";
				PRODUCT_NAME = "$(TARGET_NAME)";
				SWIFT_VERSION = 5.0;
				TARGETED_DEVICE_FAMILY = "1,2";
			};
			name = Release;
		};
/* End XCBuildConfiguration section */

/* Begin XCConfigurationList section */
		1E6E3F4D23B19D8E009A0262 /* Build configuration list for PBXProject "Dividend App" */ = {
			isa = XCConfigurationList;
			buildConfigurations = (
				1E6E3F6423B19D90009A0262 /* Debug */,
				1E6E3F6523B19D90009A0262 /* Release */,
			);
			defaultConfigurationIsVisible = 0;
			defaultConfigurationName = Release;
		};
		1E6E3F6623B19D90009A0262 /* Build configuration list for PBXNativeTarget "Dividend App" */ = {
			isa = XCConfigurationList;
			buildConfigurations = (
				1E6E3F6723B19D90009A0262 /* Debug */,
				1E6E3F6823B19D90009A0262 /* Release */,
			);
			defaultConfigurationIsVisible = 0;
			defaultConfigurationName = Release;
		};
/* End XCConfigurationList section */
	};
	rootObject = 1E6E3F4A23B19D8E009A0262 /* Project object */;
}
